PODS:
  - Instructions (0.4.3)
  - JFADoubleSlider (1.0.0)
  - STTwitter (0.2.5)
  - SwiftSpinner (0.9.5)

DEPENDENCIES:
  - Instructions
  - JFADoubleSlider
  - STTwitter
  - SwiftSpinner

SPEC CHECKSUMS:
  Instructions: 18124d63eb8b08828e1124432de115aa48db3669
  JFADoubleSlider: 840e16fb74112dd1de6855932f67e773e0818941
  STTwitter: 5c157e8dcb4f0e4cf5b4374393021b7d7b7fd497
  SwiftSpinner: c6585a0ae5c67eb33e737695cce88f0262008cce

PODFILE CHECKSUM: 5a1939388ca0c1f8b0638466515b977ff39c0dd5

COCOAPODS: 1.0.0
