PODS:
  - JFADoubleSlider (1.0.0)
  - STTwitter (0.2.5)

DEPENDENCIES:
  - JFADoubleSlider
  - STTwitter

SPEC CHECKSUMS:
  JFADoubleSlider: 840e16fb74112dd1de6855932f67e773e0818941
  STTwitter: 5c157e8dcb4f0e4cf5b4374393021b7d7b7fd497

PODFILE CHECKSUM: b3bf78f1dca8d86d9f2e0482c8c9d2797d6c144d

COCOAPODS: 1.0.0
