// !$*UTF8*$!
{
	archiveVersion = 1;
	classes = {
	};
	objectVersion = 46;
	objects = {

/* Begin PBXBuildFile section */
		C00AB58F1A7FDFEA001F4D61 /* NewLessonViewController.swift in Sources */ = {isa = PBXBuildFile; fileRef = C00AB58E1A7FDFEA001F4D61 /* NewLessonViewController.swift */; };
		C012C8E01CCBB30200292F06 /* DataValidity.swift in Sources */ = {isa = PBXBuildFile; fileRef = C012C8DF1CCBB30200292F06 /* DataValidity.swift */; };
		C012C8E21CCBB63F00292F06 /* Notifications.swift in Sources */ = {isa = PBXBuildFile; fileRef = C012C8E11CCBB63F00292F06 /* Notifications.swift */; };
		C021FD9F1C21EFAD009A972A /* FacebookShareViewController.swift in Sources */ = {isa = PBXBuildFile; fileRef = C021FD9D1C21EFAD009A972A /* FacebookShareViewController.swift */; };
		C021FDA01C21EFAD009A972A /* FacebookShareViewController.xib in Resources */ = {isa = PBXBuildFile; fileRef = C021FD9E1C21EFAD009A972A /* FacebookShareViewController.xib */; };
		C0285B801D97169C00306705 /* Favourites.storyboard in Resources */ = {isa = PBXBuildFile; fileRef = C0285B7E1D97169C00306705 /* Favourites.storyboard */; };
		C0285B821D9716E700306705 /* FavouritesTableViewController.swift in Sources */ = {isa = PBXBuildFile; fileRef = C0285B811D9716E700306705 /* FavouritesTableViewController.swift */; };
		C02E18A21BF695AA00FF2057 /* NewLessonTableViewCell.swift in Sources */ = {isa = PBXBuildFile; fileRef = C02E18A11BF695AA00FF2057 /* NewLessonTableViewCell.swift */; };
		C02E18A41BF753C500FF2057 /* NewLessonAssistantTableViewCell.swift in Sources */ = {isa = PBXBuildFile; fileRef = C02E18A31BF753C500FF2057 /* NewLessonAssistantTableViewCell.swift */; };
		C02E18A61BF753E000FF2057 /* NewLessonTextEntryTableViewCell.swift in Sources */ = {isa = PBXBuildFile; fileRef = C02E18A51BF753E000FF2057 /* NewLessonTextEntryTableViewCell.swift */; };
		C02E18A81BF7736400FF2057 /* NoMinutesYetView.swift in Sources */ = {isa = PBXBuildFile; fileRef = C02E18A71BF7736400FF2057 /* NoMinutesYetView.swift */; };
		C043116F1DB4DDC70015C180 /* TabBarController.swift in Sources */ = {isa = PBXBuildFile; fileRef = C043116E1DB4DDC70015C180 /* TabBarController.swift */; };
		C04311711DB4E4920015C180 /* UITableViewController.swift in Sources */ = {isa = PBXBuildFile; fileRef = C04311701DB4E4920015C180 /* UITableViewController.swift */; };
		C04311731DB4EE080015C180 /* BookPicker.storyboard in Resources */ = {isa = PBXBuildFile; fileRef = C04311721DB4EE080015C180 /* BookPicker.storyboard */; };
		C04D219B1DD7B67C00B98D86 /* TwitterCore.framework in Frameworks */ = {isa = PBXBuildFile; fileRef = C064B5EE1BEBEC950021F2B0 /* TwitterCore.framework */; };
		C04D219C1DD7B68100B98D86 /* TwitterKit.framework in Frameworks */ = {isa = PBXBuildFile; fileRef = C06D7A741A86C25000E10773 /* TwitterKit.framework */; };
		C04D219D1DD86A8400B98D86 /* TwitterKitResources.bundle in Resources */ = {isa = PBXBuildFile; fileRef = C06D7A7A1A86C3F900E10773 /* TwitterKitResources.bundle */; };
		C04D219F1DD8C80600B98D86 /* Launch.storyboard in Resources */ = {isa = PBXBuildFile; fileRef = C04D219E1DD8C80600B98D86 /* Launch.storyboard */; };
		C0515B611A7BA59D0006ED16 /* AppDelegate.swift in Sources */ = {isa = PBXBuildFile; fileRef = C0515B601A7BA59D0006ED16 /* AppDelegate.swift */; };
		C0515B641A7BA59D0006ED16 /* ShapeNote.xcdatamodeld in Sources */ = {isa = PBXBuildFile; fileRef = C0515B621A7BA59D0006ED16 /* ShapeNote.xcdatamodeld */; };
		C0515B691A7BA59D0006ED16 /* Main.storyboard in Resources */ = {isa = PBXBuildFile; fileRef = C0515B671A7BA59D0006ED16 /* Main.storyboard */; };
		C0515B6B1A7BA59D0006ED16 /* Images.xcassets in Resources */ = {isa = PBXBuildFile; fileRef = C0515B6A1A7BA59D0006ED16 /* Images.xcassets */; };
		C0515B7A1A7BA59D0006ED16 /* ShapeNoteTests.swift in Sources */ = {isa = PBXBuildFile; fileRef = C0515B791A7BA59D0006ED16 /* ShapeNoteTests.swift */; };
		C0515B841A7BA5F90006ED16 /* CoreDataHelper.swift in Sources */ = {isa = PBXBuildFile; fileRef = C0515B831A7BA5F90006ED16 /* CoreDataHelper.swift */; };
		C0515B861A7BADFE0006ED16 /* JSONLoader.swift in Sources */ = {isa = PBXBuildFile; fileRef = C0515B851A7BADFE0006ED16 /* JSONLoader.swift */; };
		C0515B881A7BBA790006ED16 /* Lesson.swift in Sources */ = {isa = PBXBuildFile; fileRef = C0515B871A7BBA790006ED16 /* Lesson.swift */; };
		C0515B8A1A7BBA7A0006ED16 /* Singer.swift in Sources */ = {isa = PBXBuildFile; fileRef = C0515B891A7BBA7A0006ED16 /* Singer.swift */; };
		C0515B8C1A7BBA7A0006ED16 /* Book.swift in Sources */ = {isa = PBXBuildFile; fileRef = C0515B8B1A7BBA7A0006ED16 /* Book.swift */; };
		C0515B8E1A7BBA7A0006ED16 /* Song.swift in Sources */ = {isa = PBXBuildFile; fileRef = C0515B8D1A7BBA7A0006ED16 /* Song.swift */; };
		C0515B901A7BBA7A0006ED16 /* Group.swift in Sources */ = {isa = PBXBuildFile; fileRef = C0515B8F1A7BBA7A0006ED16 /* Group.swift */; };
		C0515B931A7BC4000006ED16 /* SH1991.json in Resources */ = {isa = PBXBuildFile; fileRef = C0515B921A7BC4000006ED16 /* SH1991.json */; };
		C0515B981A7BEB3B0006ED16 /* SongListTableViewController.swift in Sources */ = {isa = PBXBuildFile; fileRef = C0515B971A7BEB3B0006ED16 /* SongListTableViewController.swift */; };
		C0515B9A1A7BF0BB0006ED16 /* SingersListTableViewController.swift in Sources */ = {isa = PBXBuildFile; fileRef = C0515B991A7BF0BB0006ED16 /* SingersListTableViewController.swift */; };
		C0535FED1A7FBF6700978C37 /* MinutesTableViewCell.swift in Sources */ = {isa = PBXBuildFile; fileRef = C0535FEC1A7FBF6700978C37 /* MinutesTableViewCell.swift */; };
		C05626981BEF711500E05EBE /* QuizSetupViewController.swift in Sources */ = {isa = PBXBuildFile; fileRef = C05626971BEF711500E05EBE /* QuizSetupViewController.swift */; };
		C056269E1BEF870600E05EBE /* QuizQuestionTypeTableViewCell.swift in Sources */ = {isa = PBXBuildFile; fileRef = C056269D1BEF870600E05EBE /* QuizQuestionTypeTableViewCell.swift */; };
		C05626A01BEF8F0400E05EBE /* QuizQuestionProvider.swift in Sources */ = {isa = PBXBuildFile; fileRef = C056269F1BEF8F0400E05EBE /* QuizQuestionProvider.swift */; };
		C05626A21BEFB63F00E05EBE /* QuizOption.swift in Sources */ = {isa = PBXBuildFile; fileRef = C05626A11BEFB63F00E05EBE /* QuizOption.swift */; };
		C05626A41BEFB80700E05EBE /* QuizItemViewController.swift in Sources */ = {isa = PBXBuildFile; fileRef = C05626A31BEFB80700E05EBE /* QuizItemViewController.swift */; };
		C06D7A751A86C25000E10773 /* Crashlytics.framework in Frameworks */ = {isa = PBXBuildFile; fileRef = C06D7A721A86C25000E10773 /* Crashlytics.framework */; };
		C06D7A761A86C25000E10773 /* Fabric.framework in Frameworks */ = {isa = PBXBuildFile; fileRef = C06D7A731A86C25000E10773 /* Fabric.framework */; };
		C07220681DD7374B00CE9CAC /* GroupSelectionTableViewController.swift in Sources */ = {isa = PBXBuildFile; fileRef = C07220661DD7374B00CE9CAC /* GroupSelectionTableViewController.swift */; };
		C072206C1DD763F200CE9CAC /* About.storyboard in Resources */ = {isa = PBXBuildFile; fileRef = C072206A1DD763F200CE9CAC /* About.storyboard */; };
		C072206E1DD76B7B00CE9CAC /* AboutViewController.swift in Sources */ = {isa = PBXBuildFile; fileRef = C072206D1DD76B7B00CE9CAC /* AboutViewController.swift */; };
		C07436C71DABC17C00EBB4B9 /* IntroHandler.swift in Sources */ = {isa = PBXBuildFile; fileRef = C07436C61DABC17C00EBB4B9 /* IntroHandler.swift */; };
		C07542EA1A7BFE55007626C6 /* SingerViewController.swift in Sources */ = {isa = PBXBuildFile; fileRef = C07542E81A7BFE55007626C6 /* SingerViewController.swift */; };
		C092E8601A8914B6002594A5 /* CH.json in Resources */ = {isa = PBXBuildFile; fileRef = C092E85F1A8914B6002594A5 /* CH.json */; };
		C092E8621A891A51002594A5 /* Defaults.swift in Sources */ = {isa = PBXBuildFile; fileRef = C092E8611A891A51002594A5 /* Defaults.swift */; };
		C092E8651A8A0311002594A5 /* Shenandoah.json in Resources */ = {isa = PBXBuildFile; fileRef = C092E8631A8A0311002594A5 /* Shenandoah.json */; };
		C092E8661A8A0311002594A5 /* Cooper2012.json in Resources */ = {isa = PBXBuildFile; fileRef = C092E8641A8A0311002594A5 /* Cooper2012.json */; };
		C092E8681A8A0CB8002594A5 /* BookPickerTableViewController.swift in Sources */ = {isa = PBXBuildFile; fileRef = C092E8671A8A0CB8002594A5 /* BookPickerTableViewController.swift */; };
		C09A65071A7ED9F800099E76 /* MinutesListViewController.swift in Sources */ = {isa = PBXBuildFile; fileRef = C09A65061A7ED9F800099E76 /* MinutesListViewController.swift */; };
		C09A65091A7EDA0D00099E76 /* MinuteTakingViewController.swift in Sources */ = {isa = PBXBuildFile; fileRef = C09A65081A7EDA0D00099E76 /* MinuteTakingViewController.swift */; };
		C09A650B1A7EDA8600099E76 /* Minutes.swift in Sources */ = {isa = PBXBuildFile; fileRef = C09A650A1A7EDA8600099E76 /* Minutes.swift */; };
		C09A96A11A7EC293009D1C29 /* SongListTableViewCell.swift in Sources */ = {isa = PBXBuildFile; fileRef = C09A96A01A7EC293009D1C29 /* SongListTableViewCell.swift */; };
		C0BE7DB51BE6359A006383CC /* FontAwesome.otf in Resources */ = {isa = PBXBuildFile; fileRef = C0BE7DB41BE6359A006383CC /* FontAwesome.otf */; };
		C0BE7DB71BE6A169006383CC /* NotesViewController.swift in Sources */ = {isa = PBXBuildFile; fileRef = C0BE7DB61BE6A169006383CC /* NotesViewController.swift */; };
		C0BE7DB91BE6AA5F006383CC /* FiltersViewController.swift in Sources */ = {isa = PBXBuildFile; fileRef = C0BE7DB81BE6AA5F006383CC /* FiltersViewController.swift */; };
		C0BEF0B51A8E0EE00020EA31 /* SingerProfileViewController.swift in Sources */ = {isa = PBXBuildFile; fileRef = C0BEF0B41A8E0EE00020EA31 /* SingerProfileViewController.swift */; };
		C0C1D1CA1BF0E13200C22809 /* QuizCompletedViewController.swift in Sources */ = {isa = PBXBuildFile; fileRef = C0C1D1C81BF0E13200C22809 /* QuizCompletedViewController.swift */; };
		C0C1D1CB1BF0E13200C22809 /* QuizCompletedViewController.xib in Resources */ = {isa = PBXBuildFile; fileRef = C0C1D1C91BF0E13200C22809 /* QuizCompletedViewController.xib */; };
		C0C1D47C1A8133FC0082C0EB /* TwitterShareHelper.swift in Sources */ = {isa = PBXBuildFile; fileRef = C0C1D47B1A8133FC0082C0EB /* TwitterShareHelper.swift */; };
		C0C2B2CC1DB3DA5C00DD27A2 /* SubtitledTappable.swift in Sources */ = {isa = PBXBuildFile; fileRef = C0C2B2CB1DB3DA5C00DD27A2 /* SubtitledTappable.swift */; };
		C0D1325A1C1D724D007D95B5 /* SearchResultsTableViewController.swift in Sources */ = {isa = PBXBuildFile; fileRef = C0D132591C1D724D007D95B5 /* SearchResultsTableViewController.swift */; };
		C0D1325C1C1D825C007D95B5 /* SongListTableViewCell.xib in Resources */ = {isa = PBXBuildFile; fileRef = C0D1325B1C1D825C007D95B5 /* SongListTableViewCell.xib */; };
		C0EA4E191BFFBEBC000CCF81 /* Minutes.storyboard in Resources */ = {isa = PBXBuildFile; fileRef = C0EA4E171BFFBEBC000CCF81 /* Minutes.storyboard */; };
		C0EA4E1C1BFFBEE9000CCF81 /* SongList.storyboard in Resources */ = {isa = PBXBuildFile; fileRef = C0EA4E1A1BFFBEE9000CCF81 /* SongList.storyboard */; };
		C0EA4E1F1BFFBF09000CCF81 /* Singers.storyboard in Resources */ = {isa = PBXBuildFile; fileRef = C0EA4E1D1BFFBF09000CCF81 /* Singers.storyboard */; };
		C0EA4E241BFFBF54000CCF81 /* Quiz.storyboard in Resources */ = {isa = PBXBuildFile; fileRef = C0EA4E231BFFBF54000CCF81 /* Quiz.storyboard */; };
		C0EA4E2A1C01B258000CCF81 /* Intro.storyboard in Resources */ = {isa = PBXBuildFile; fileRef = C0EA4E291C01B258000CCF81 /* Intro.storyboard */; };
		C0EA4E2C1C01BAD6000CCF81 /* IntroPopupViewController.swift in Sources */ = {isa = PBXBuildFile; fileRef = C0EA4E2B1C01BAD6000CCF81 /* IntroPopupViewController.swift */; };
		C0EA4E2E1C01BC3B000CCF81 /* TabBarManager.swift in Sources */ = {isa = PBXBuildFile; fileRef = C0EA4E2D1C01BC3B000CCF81 /* TabBarManager.swift */; };
		FB279DAEB38DBDC784FE9F7B /* Pods_ShapeNote.framework in Frameworks */ = {isa = PBXBuildFile; fileRef = 547CE94E4BEBDDA3311CB992 /* Pods_ShapeNote.framework */; };
/* End PBXBuildFile section */

/* Begin PBXContainerItemProxy section */
		C0515B741A7BA59D0006ED16 /* PBXContainerItemProxy */ = {
			isa = PBXContainerItemProxy;
			containerPortal = C0515B531A7BA59D0006ED16 /* Project object */;
			proxyType = 1;
			remoteGlobalIDString = C0515B5A1A7BA59D0006ED16;
			remoteInfo = ShapeNote;
		};
/* End PBXContainerItemProxy section */

/* Begin PBXFileReference section */
		3D27FE40ECB6149B959D1687 /* Pods.framework */ = {isa = PBXFileReference; explicitFileType = wrapper.framework; includeInIndex = 0; path = Pods.framework; sourceTree = BUILT_PRODUCTS_DIR; };
		547CE94E4BEBDDA3311CB992 /* Pods_ShapeNote.framework */ = {isa = PBXFileReference; explicitFileType = wrapper.framework; includeInIndex = 0; path = Pods_ShapeNote.framework; sourceTree = BUILT_PRODUCTS_DIR; };
		76F72A61DC124AED2D74251E /* Pods-ShapeNote.release.xcconfig */ = {isa = PBXFileReference; includeInIndex = 1; lastKnownFileType = text.xcconfig; name = "Pods-ShapeNote.release.xcconfig"; path = "Pods/Target Support Files/Pods-ShapeNote/Pods-ShapeNote.release.xcconfig"; sourceTree = "<group>"; };
		77A2ED1F51222277DE60C191 /* Pods-ShapeNote.debug.xcconfig */ = {isa = PBXFileReference; includeInIndex = 1; lastKnownFileType = text.xcconfig; name = "Pods-ShapeNote.debug.xcconfig"; path = "Pods/Target Support Files/Pods-ShapeNote/Pods-ShapeNote.debug.xcconfig"; sourceTree = "<group>"; };
		C00AB58E1A7FDFEA001F4D61 /* NewLessonViewController.swift */ = {isa = PBXFileReference; fileEncoding = 4; lastKnownFileType = sourcecode.swift; path = NewLessonViewController.swift; sourceTree = "<group>"; };
		C012C8DF1CCBB30200292F06 /* DataValidity.swift */ = {isa = PBXFileReference; fileEncoding = 4; lastKnownFileType = sourcecode.swift; path = DataValidity.swift; sourceTree = "<group>"; };
		C012C8E11CCBB63F00292F06 /* Notifications.swift */ = {isa = PBXFileReference; fileEncoding = 4; lastKnownFileType = sourcecode.swift; path = Notifications.swift; sourceTree = "<group>"; };
		C021FD9C1C21EAEA009A972A /* ShapeNote 0.5.xcdatamodel */ = {isa = PBXFileReference; lastKnownFileType = wrapper.xcdatamodel; path = "ShapeNote 0.5.xcdatamodel"; sourceTree = "<group>"; };
		C021FD9D1C21EFAD009A972A /* FacebookShareViewController.swift */ = {isa = PBXFileReference; fileEncoding = 4; lastKnownFileType = sourcecode.swift; path = FacebookShareViewController.swift; sourceTree = "<group>"; };
		C021FD9E1C21EFAD009A972A /* FacebookShareViewController.xib */ = {isa = PBXFileReference; fileEncoding = 4; lastKnownFileType = file.xib; path = FacebookShareViewController.xib; sourceTree = "<group>"; };
		C0255C561A9D3BD100DD185F /* ShapeNote 0.1.xcdatamodel */ = {isa = PBXFileReference; lastKnownFileType = wrapper.xcdatamodel; path = "ShapeNote 0.1.xcdatamodel"; sourceTree = "<group>"; };
		C0285B7F1D97169C00306705 /* Base */ = {isa = PBXFileReference; lastKnownFileType = file.storyboard; name = Base; path = Base.lproj/Favourites.storyboard; sourceTree = "<group>"; };
		C0285B811D9716E700306705 /* FavouritesTableViewController.swift */ = {isa = PBXFileReference; fileEncoding = 4; lastKnownFileType = sourcecode.swift; path = FavouritesTableViewController.swift; sourceTree = "<group>"; };
		C02E18A11BF695AA00FF2057 /* NewLessonTableViewCell.swift */ = {isa = PBXFileReference; fileEncoding = 4; lastKnownFileType = sourcecode.swift; path = NewLessonTableViewCell.swift; sourceTree = "<group>"; };
		C02E18A31BF753C500FF2057 /* NewLessonAssistantTableViewCell.swift */ = {isa = PBXFileReference; fileEncoding = 4; lastKnownFileType = sourcecode.swift; path = NewLessonAssistantTableViewCell.swift; sourceTree = "<group>"; };
		C02E18A51BF753E000FF2057 /* NewLessonTextEntryTableViewCell.swift */ = {isa = PBXFileReference; fileEncoding = 4; lastKnownFileType = sourcecode.swift; path = NewLessonTextEntryTableViewCell.swift; sourceTree = "<group>"; };
		C02E18A71BF7736400FF2057 /* NoMinutesYetView.swift */ = {isa = PBXFileReference; fileEncoding = 4; lastKnownFileType = sourcecode.swift; path = NoMinutesYetView.swift; sourceTree = "<group>"; };
		C043116E1DB4DDC70015C180 /* TabBarController.swift */ = {isa = PBXFileReference; fileEncoding = 4; lastKnownFileType = sourcecode.swift; path = TabBarController.swift; sourceTree = "<group>"; };
		C04311701DB4E4920015C180 /* UITableViewController.swift */ = {isa = PBXFileReference; fileEncoding = 4; lastKnownFileType = sourcecode.swift; path = UITableViewController.swift; sourceTree = "<group>"; };
		C04311721DB4EE080015C180 /* BookPicker.storyboard */ = {isa = PBXFileReference; fileEncoding = 4; lastKnownFileType = file.storyboard; path = BookPicker.storyboard; sourceTree = "<group>"; };
		C04D219E1DD8C80600B98D86 /* Launch.storyboard */ = {isa = PBXFileReference; fileEncoding = 4; lastKnownFileType = file.storyboard; path = Launch.storyboard; sourceTree = "<group>"; };
		C0515B5B1A7BA59D0006ED16 /* ShapeNote.app */ = {isa = PBXFileReference; explicitFileType = wrapper.application; includeInIndex = 0; path = ShapeNote.app; sourceTree = BUILT_PRODUCTS_DIR; };
		C0515B5F1A7BA59D0006ED16 /* Info.plist */ = {isa = PBXFileReference; lastKnownFileType = text.plist.xml; path = Info.plist; sourceTree = "<group>"; };
		C0515B601A7BA59D0006ED16 /* AppDelegate.swift */ = {isa = PBXFileReference; lastKnownFileType = sourcecode.swift; path = AppDelegate.swift; sourceTree = "<group>"; };
		C0515B631A7BA59D0006ED16 /* ShapeNote.xcdatamodel */ = {isa = PBXFileReference; lastKnownFileType = wrapper.xcdatamodel; path = ShapeNote.xcdatamodel; sourceTree = "<group>"; };
		C0515B681A7BA59D0006ED16 /* Base */ = {isa = PBXFileReference; lastKnownFileType = file.storyboard; name = Base; path = Base.lproj/Main.storyboard; sourceTree = "<group>"; };
		C0515B6A1A7BA59D0006ED16 /* Images.xcassets */ = {isa = PBXFileReference; lastKnownFileType = folder.assetcatalog; path = Images.xcassets; sourceTree = "<group>"; };
		C0515B731A7BA59D0006ED16 /* ShapeNoteTests.xctest */ = {isa = PBXFileReference; explicitFileType = wrapper.cfbundle; includeInIndex = 0; path = ShapeNoteTests.xctest; sourceTree = BUILT_PRODUCTS_DIR; };
		C0515B781A7BA59D0006ED16 /* Info.plist */ = {isa = PBXFileReference; lastKnownFileType = text.plist.xml; path = Info.plist; sourceTree = "<group>"; };
		C0515B791A7BA59D0006ED16 /* ShapeNoteTests.swift */ = {isa = PBXFileReference; lastKnownFileType = sourcecode.swift; path = ShapeNoteTests.swift; sourceTree = "<group>"; };
		C0515B831A7BA5F90006ED16 /* CoreDataHelper.swift */ = {isa = PBXFileReference; fileEncoding = 4; lastKnownFileType = sourcecode.swift; path = CoreDataHelper.swift; sourceTree = "<group>"; };
		C0515B851A7BADFE0006ED16 /* JSONLoader.swift */ = {isa = PBXFileReference; fileEncoding = 4; lastKnownFileType = sourcecode.swift; path = JSONLoader.swift; sourceTree = "<group>"; };
		C0515B871A7BBA790006ED16 /* Lesson.swift */ = {isa = PBXFileReference; fileEncoding = 4; lastKnownFileType = sourcecode.swift; path = Lesson.swift; sourceTree = "<group>"; };
		C0515B891A7BBA7A0006ED16 /* Singer.swift */ = {isa = PBXFileReference; fileEncoding = 4; lastKnownFileType = sourcecode.swift; path = Singer.swift; sourceTree = "<group>"; };
		C0515B8B1A7BBA7A0006ED16 /* Book.swift */ = {isa = PBXFileReference; fileEncoding = 4; lastKnownFileType = sourcecode.swift; path = Book.swift; sourceTree = "<group>"; };
		C0515B8D1A7BBA7A0006ED16 /* Song.swift */ = {isa = PBXFileReference; fileEncoding = 4; lastKnownFileType = sourcecode.swift; path = Song.swift; sourceTree = "<group>"; };
		C0515B8F1A7BBA7A0006ED16 /* Group.swift */ = {isa = PBXFileReference; fileEncoding = 4; lastKnownFileType = sourcecode.swift; path = Group.swift; sourceTree = "<group>"; };
		C0515B921A7BC4000006ED16 /* SH1991.json */ = {isa = PBXFileReference; fileEncoding = 4; lastKnownFileType = text.json; path = SH1991.json; sourceTree = "<group>"; };
		C0515B971A7BEB3B0006ED16 /* SongListTableViewController.swift */ = {isa = PBXFileReference; fileEncoding = 4; lastKnownFileType = sourcecode.swift; path = SongListTableViewController.swift; sourceTree = "<group>"; };
		C0515B991A7BF0BB0006ED16 /* SingersListTableViewController.swift */ = {isa = PBXFileReference; fileEncoding = 4; lastKnownFileType = sourcecode.swift; path = SingersListTableViewController.swift; sourceTree = "<group>"; };
		C0535FEC1A7FBF6700978C37 /* MinutesTableViewCell.swift */ = {isa = PBXFileReference; fileEncoding = 4; lastKnownFileType = sourcecode.swift; path = MinutesTableViewCell.swift; sourceTree = "<group>"; };
		C05626971BEF711500E05EBE /* QuizSetupViewController.swift */ = {isa = PBXFileReference; fileEncoding = 4; lastKnownFileType = sourcecode.swift; path = QuizSetupViewController.swift; sourceTree = "<group>"; };
		C056269D1BEF870600E05EBE /* QuizQuestionTypeTableViewCell.swift */ = {isa = PBXFileReference; fileEncoding = 4; lastKnownFileType = sourcecode.swift; path = QuizQuestionTypeTableViewCell.swift; sourceTree = "<group>"; };
		C056269F1BEF8F0400E05EBE /* QuizQuestionProvider.swift */ = {isa = PBXFileReference; fileEncoding = 4; lastKnownFileType = sourcecode.swift; path = QuizQuestionProvider.swift; sourceTree = "<group>"; };
		C05626A11BEFB63F00E05EBE /* QuizOption.swift */ = {isa = PBXFileReference; fileEncoding = 4; lastKnownFileType = sourcecode.swift; path = QuizOption.swift; sourceTree = "<group>"; };
		C05626A31BEFB80700E05EBE /* QuizItemViewController.swift */ = {isa = PBXFileReference; fileEncoding = 4; lastKnownFileType = sourcecode.swift; path = QuizItemViewController.swift; sourceTree = "<group>"; };
		C064B5EE1BEBEC950021F2B0 /* TwitterCore.framework */ = {isa = PBXFileReference; lastKnownFileType = wrapper.framework; name = TwitterCore.framework; path = Fabric/TwitterCore.framework; sourceTree = SOURCE_ROOT; };
		C0697C541D85E1EB00269434 /* AllowLocationPermissionsViewController.swift */ = {isa = PBXFileReference; fileEncoding = 4; lastKnownFileType = sourcecode.swift; path = AllowLocationPermissionsViewController.swift; sourceTree = "<group>"; };
		C0697C561D85E1F300269434 /* LocalSingingPickerViewController.swift */ = {isa = PBXFileReference; fileEncoding = 4; lastKnownFileType = sourcecode.swift; path = LocalSingingPickerViewController.swift; sourceTree = "<group>"; };
		C0697C571D85E1F300269434 /* LocationPermissionsDeniedViewController.swift */ = {isa = PBXFileReference; fileEncoding = 4; lastKnownFileType = sourcecode.swift; path = LocationPermissionsDeniedViewController.swift; sourceTree = "<group>"; };
		C0697C581D85E1F300269434 /* ReverseGeocoder.swift */ = {isa = PBXFileReference; fileEncoding = 4; lastKnownFileType = sourcecode.swift; path = ReverseGeocoder.swift; sourceTree = "<group>"; };
		C0697C591D85E1F300269434 /* Singing.swift */ = {isa = PBXFileReference; fileEncoding = 4; lastKnownFileType = sourcecode.swift; path = Singing.swift; sourceTree = "<group>"; };
		C0697C5E1D85E24900269434 /* GeoLite2-City.mmdb */ = {isa = PBXFileReference; lastKnownFileType = file; path = "GeoLite2-City.mmdb"; sourceTree = "<group>"; };
		C06D7A721A86C25000E10773 /* Crashlytics.framework */ = {isa = PBXFileReference; lastKnownFileType = wrapper.framework; name = Crashlytics.framework; path = Fabric/Crashlytics.framework; sourceTree = SOURCE_ROOT; };
		C06D7A731A86C25000E10773 /* Fabric.framework */ = {isa = PBXFileReference; lastKnownFileType = wrapper.framework; name = Fabric.framework; path = Fabric/Fabric.framework; sourceTree = SOURCE_ROOT; };
		C06D7A741A86C25000E10773 /* TwitterKit.framework */ = {isa = PBXFileReference; lastKnownFileType = wrapper.framework; name = TwitterKit.framework; path = Fabric/TwitterKit.framework; sourceTree = SOURCE_ROOT; };
		C06D7A7A1A86C3F900E10773 /* TwitterKitResources.bundle */ = {isa = PBXFileReference; lastKnownFileType = "wrapper.plug-in"; name = TwitterKitResources.bundle; path = Fabric/TwitterKit.framework/Versions/A/Resources/TwitterKitResources.bundle; sourceTree = SOURCE_ROOT; };
		C07220661DD7374B00CE9CAC /* GroupSelectionTableViewController.swift */ = {isa = PBXFileReference; fileEncoding = 4; lastKnownFileType = sourcecode.swift; path = GroupSelectionTableViewController.swift; sourceTree = "<group>"; };
		C072206B1DD763F200CE9CAC /* Base */ = {isa = PBXFileReference; lastKnownFileType = file.storyboard; name = Base; path = Base.lproj/About.storyboard; sourceTree = "<group>"; };
		C072206D1DD76B7B00CE9CAC /* AboutViewController.swift */ = {isa = PBXFileReference; fileEncoding = 4; lastKnownFileType = sourcecode.swift; path = AboutViewController.swift; sourceTree = "<group>"; };
		C07436C61DABC17C00EBB4B9 /* IntroHandler.swift */ = {isa = PBXFileReference; fileEncoding = 4; lastKnownFileType = sourcecode.swift; path = IntroHandler.swift; sourceTree = "<group>"; };
		C07542E81A7BFE55007626C6 /* SingerViewController.swift */ = {isa = PBXFileReference; fileEncoding = 4; lastKnownFileType = sourcecode.swift; path = SingerViewController.swift; sourceTree = "<group>"; };
		C092E85F1A8914B6002594A5 /* CH.json */ = {isa = PBXFileReference; fileEncoding = 4; lastKnownFileType = text.json; path = CH.json; sourceTree = "<group>"; };
		C092E8611A891A51002594A5 /* Defaults.swift */ = {isa = PBXFileReference; fileEncoding = 4; lastKnownFileType = sourcecode.swift; path = Defaults.swift; sourceTree = "<group>"; };
		C092E8631A8A0311002594A5 /* Shenandoah.json */ = {isa = PBXFileReference; fileEncoding = 4; lastKnownFileType = text.json; path = Shenandoah.json; sourceTree = "<group>"; };
		C092E8641A8A0311002594A5 /* Cooper2012.json */ = {isa = PBXFileReference; fileEncoding = 4; lastKnownFileType = text.json; path = Cooper2012.json; sourceTree = "<group>"; };
		C092E8671A8A0CB8002594A5 /* BookPickerTableViewController.swift */ = {isa = PBXFileReference; fileEncoding = 4; lastKnownFileType = sourcecode.swift; path = BookPickerTableViewController.swift; sourceTree = "<group>"; };
		C09A65061A7ED9F800099E76 /* MinutesListViewController.swift */ = {isa = PBXFileReference; fileEncoding = 4; lastKnownFileType = sourcecode.swift; path = MinutesListViewController.swift; sourceTree = "<group>"; };
		C09A65081A7EDA0D00099E76 /* MinuteTakingViewController.swift */ = {isa = PBXFileReference; fileEncoding = 4; lastKnownFileType = sourcecode.swift; path = MinuteTakingViewController.swift; sourceTree = "<group>"; };
		C09A650A1A7EDA8600099E76 /* Minutes.swift */ = {isa = PBXFileReference; fileEncoding = 4; lastKnownFileType = sourcecode.swift; path = Minutes.swift; sourceTree = "<group>"; };
		C09A96A01A7EC293009D1C29 /* SongListTableViewCell.swift */ = {isa = PBXFileReference; fileEncoding = 4; lastKnownFileType = sourcecode.swift; path = SongListTableViewCell.swift; sourceTree = "<group>"; };
		C09ABE1B1C1F6E2800310195 /* ShapeNote 0.4.xcdatamodel */ = {isa = PBXFileReference; lastKnownFileType = wrapper.xcdatamodel; path = "ShapeNote 0.4.xcdatamodel"; sourceTree = "<group>"; };
		C0BE7DB41BE6359A006383CC /* FontAwesome.otf */ = {isa = PBXFileReference; lastKnownFileType = file; path = FontAwesome.otf; sourceTree = "<group>"; };
		C0BE7DB61BE6A169006383CC /* NotesViewController.swift */ = {isa = PBXFileReference; fileEncoding = 4; lastKnownFileType = sourcecode.swift; path = NotesViewController.swift; sourceTree = "<group>"; };
		C0BE7DB81BE6AA5F006383CC /* FiltersViewController.swift */ = {isa = PBXFileReference; fileEncoding = 4; lastKnownFileType = sourcecode.swift; path = FiltersViewController.swift; sourceTree = "<group>"; };
		C0BEF0B41A8E0EE00020EA31 /* SingerProfileViewController.swift */ = {isa = PBXFileReference; fileEncoding = 4; lastKnownFileType = sourcecode.swift; path = SingerProfileViewController.swift; sourceTree = "<group>"; };
		C0C1D1C81BF0E13200C22809 /* QuizCompletedViewController.swift */ = {isa = PBXFileReference; fileEncoding = 4; lastKnownFileType = sourcecode.swift; path = QuizCompletedViewController.swift; sourceTree = "<group>"; };
		C0C1D1C91BF0E13200C22809 /* QuizCompletedViewController.xib */ = {isa = PBXFileReference; fileEncoding = 4; lastKnownFileType = file.xib; path = QuizCompletedViewController.xib; sourceTree = "<group>"; };
		C0C1D47B1A8133FC0082C0EB /* TwitterShareHelper.swift */ = {isa = PBXFileReference; fileEncoding = 4; lastKnownFileType = sourcecode.swift; path = TwitterShareHelper.swift; sourceTree = "<group>"; };
		C0C2B2CB1DB3DA5C00DD27A2 /* SubtitledTappable.swift */ = {isa = PBXFileReference; fileEncoding = 4; lastKnownFileType = sourcecode.swift; path = SubtitledTappable.swift; sourceTree = "<group>"; };
		C0CFCA5C1AA88C1F000C80DF /* ShapeNote 0. 2.xcdatamodel */ = {isa = PBXFileReference; lastKnownFileType = wrapper.xcdatamodel; path = "ShapeNote 0. 2.xcdatamodel"; sourceTree = "<group>"; };
		C0D132591C1D724D007D95B5 /* SearchResultsTableViewController.swift */ = {isa = PBXFileReference; fileEncoding = 4; lastKnownFileType = sourcecode.swift; path = SearchResultsTableViewController.swift; sourceTree = "<group>"; };
		C0D1325B1C1D825C007D95B5 /* SongListTableViewCell.xib */ = {isa = PBXFileReference; fileEncoding = 4; lastKnownFileType = file.xib; path = SongListTableViewCell.xib; sourceTree = "<group>"; };
		C0D2AF831A7EE3310074C40F /* ShapeNote-Bridging-Header.h */ = {isa = PBXFileReference; lastKnownFileType = sourcecode.c.h; path = "ShapeNote-Bridging-Header.h"; sourceTree = "<group>"; };
		C0DBE9251C05D2CD0060344F /* ShapeNote 0.3.xcdatamodel */ = {isa = PBXFileReference; lastKnownFileType = wrapper.xcdatamodel; path = "ShapeNote 0.3.xcdatamodel"; sourceTree = "<group>"; };
		C0EA4E181BFFBEBC000CCF81 /* Base */ = {isa = PBXFileReference; lastKnownFileType = file.storyboard; name = Base; path = Base.lproj/Minutes.storyboard; sourceTree = "<group>"; };
		C0EA4E1B1BFFBEE9000CCF81 /* Base */ = {isa = PBXFileReference; lastKnownFileType = file.storyboard; name = Base; path = Base.lproj/SongList.storyboard; sourceTree = "<group>"; };
		C0EA4E1E1BFFBF09000CCF81 /* Base */ = {isa = PBXFileReference; lastKnownFileType = file.storyboard; name = Base; path = Base.lproj/Singers.storyboard; sourceTree = "<group>"; };
		C0EA4E231BFFBF54000CCF81 /* Quiz.storyboard */ = {isa = PBXFileReference; fileEncoding = 4; lastKnownFileType = file.storyboard; path = Quiz.storyboard; sourceTree = "<group>"; };
		C0EA4E291C01B258000CCF81 /* Intro.storyboard */ = {isa = PBXFileReference; fileEncoding = 4; lastKnownFileType = file.storyboard; path = Intro.storyboard; sourceTree = "<group>"; };
		C0EA4E2B1C01BAD6000CCF81 /* IntroPopupViewController.swift */ = {isa = PBXFileReference; fileEncoding = 4; lastKnownFileType = sourcecode.swift; path = IntroPopupViewController.swift; sourceTree = "<group>"; };
		C0EA4E2D1C01BC3B000CCF81 /* TabBarManager.swift */ = {isa = PBXFileReference; fileEncoding = 4; lastKnownFileType = sourcecode.swift; path = TabBarManager.swift; sourceTree = "<group>"; };
/* End PBXFileReference section */

/* Begin PBXFrameworksBuildPhase section */
		C0515B581A7BA59D0006ED16 /* Frameworks */ = {
			isa = PBXFrameworksBuildPhase;
			buildActionMask = 2147483647;
			files = (
				C06D7A751A86C25000E10773 /* Crashlytics.framework in Frameworks */,
				C04D219C1DD7B68100B98D86 /* TwitterKit.framework in Frameworks */,
				C04D219B1DD7B67C00B98D86 /* TwitterCore.framework in Frameworks */,
				C06D7A761A86C25000E10773 /* Fabric.framework in Frameworks */,
				FB279DAEB38DBDC784FE9F7B /* Pods_ShapeNote.framework in Frameworks */,
			);
			runOnlyForDeploymentPostprocessing = 0;
		};
		C0515B701A7BA59D0006ED16 /* Frameworks */ = {
			isa = PBXFrameworksBuildPhase;
			buildActionMask = 2147483647;
			files = (
			);
			runOnlyForDeploymentPostprocessing = 0;
		};
/* End PBXFrameworksBuildPhase section */

/* Begin PBXGroup section */
		0AB1ED6FCD97449B42354A2B /* Frameworks */ = {
			isa = PBXGroup;
			children = (
				C064B5EE1BEBEC950021F2B0 /* TwitterCore.framework */,
				3D27FE40ECB6149B959D1687 /* Pods.framework */,
				547CE94E4BEBDDA3311CB992 /* Pods_ShapeNote.framework */,
			);
			name = Frameworks;
			sourceTree = "<group>";
		};
		AC5F363190EDB091F9B3C062 /* Pods */ = {
			isa = PBXGroup;
			children = (
				77A2ED1F51222277DE60C191 /* Pods-ShapeNote.debug.xcconfig */,
				76F72A61DC124AED2D74251E /* Pods-ShapeNote.release.xcconfig */,
			);
			name = Pods;
			sourceTree = "<group>";
		};
		C02E18901BF11BB800FF2057 /* Minute-taking */ = {
			isa = PBXGroup;
			children = (
				C0EA4E171BFFBEBC000CCF81 /* Minutes.storyboard */,
				C07220661DD7374B00CE9CAC /* GroupSelectionTableViewController.swift */,
				C09A65061A7ED9F800099E76 /* MinutesListViewController.swift */,
				C0535FEC1A7FBF6700978C37 /* MinutesTableViewCell.swift */,
				C09A65081A7EDA0D00099E76 /* MinuteTakingViewController.swift */,
				C02E18A71BF7736400FF2057 /* NoMinutesYetView.swift */,
				C00AB58E1A7FDFEA001F4D61 /* NewLessonViewController.swift */,
				C02E18A11BF695AA00FF2057 /* NewLessonTableViewCell.swift */,
				C02E18A31BF753C500FF2057 /* NewLessonAssistantTableViewCell.swift */,
				C02E18A51BF753E000FF2057 /* NewLessonTextEntryTableViewCell.swift */,
				C021FD9D1C21EFAD009A972A /* FacebookShareViewController.swift */,
				C021FD9E1C21EFAD009A972A /* FacebookShareViewController.xib */,
			);
			name = "Minute-taking";
			sourceTree = "<group>";
		};
		C02E18911BF11BD300FF2057 /* Song Lists */ = {
			isa = PBXGroup;
			children = (
				C0EA4E1A1BFFBEE9000CCF81 /* SongList.storyboard */,
				C04311721DB4EE080015C180 /* BookPicker.storyboard */,
				C0515B971A7BEB3B0006ED16 /* SongListTableViewController.swift */,
				C0285B7E1D97169C00306705 /* Favourites.storyboard */,
				C0285B811D9716E700306705 /* FavouritesTableViewController.swift */,
				C0D1325B1C1D825C007D95B5 /* SongListTableViewCell.xib */,
				C09A96A01A7EC293009D1C29 /* SongListTableViewCell.swift */,
				C0D132591C1D724D007D95B5 /* SearchResultsTableViewController.swift */,
				C0BE7DB61BE6A169006383CC /* NotesViewController.swift */,
				C0BE7DB81BE6AA5F006383CC /* FiltersViewController.swift */,
				C092E8671A8A0CB8002594A5 /* BookPickerTableViewController.swift */,
			);
			name = "Song Lists";
			sourceTree = "<group>";
		};
		C04D21A01DD9C78800B98D86 /* Intro */ = {
			isa = PBXGroup;
			children = (
				C04D219E1DD8C80600B98D86 /* Launch.storyboard */,
				C0EA4E291C01B258000CCF81 /* Intro.storyboard */,
				C0EA4E2B1C01BAD6000CCF81 /* IntroPopupViewController.swift */,
				C07436C61DABC17C00EBB4B9 /* IntroHandler.swift */,
			);
			name = Intro;
			sourceTree = "<group>";
		};
		C0515B521A7BA59D0006ED16 = {
			isa = PBXGroup;
			children = (
				C0515B5D1A7BA59D0006ED16 /* ShapeNote */,
				C0515B761A7BA59D0006ED16 /* ShapeNoteTests */,
				C0515B5C1A7BA59D0006ED16 /* Products */,
				0AB1ED6FCD97449B42354A2B /* Frameworks */,
				AC5F363190EDB091F9B3C062 /* Pods */,
			);
			sourceTree = "<group>";
		};
		C0515B5C1A7BA59D0006ED16 /* Products */ = {
			isa = PBXGroup;
			children = (
				C0515B5B1A7BA59D0006ED16 /* ShapeNote.app */,
				C0515B731A7BA59D0006ED16 /* ShapeNoteTests.xctest */,
			);
			name = Products;
			sourceTree = "<group>";
		};
		C0515B5D1A7BA59D0006ED16 /* ShapeNote */ = {
			isa = PBXGroup;
			children = (
				C0515B601A7BA59D0006ED16 /* AppDelegate.swift */,
				C04D21A01DD9C78800B98D86 /* Intro */,
				C04311701DB4E4920015C180 /* UITableViewController.swift */,
				C012C8DF1CCBB30200292F06 /* DataValidity.swift */,
				C0515B831A7BA5F90006ED16 /* CoreDataHelper.swift */,
				C0515B851A7BADFE0006ED16 /* JSONLoader.swift */,
				C012C8E11CCBB63F00292F06 /* Notifications.swift */,
				C092E8611A891A51002594A5 /* Defaults.swift */,
				C0EA4E2D1C01BC3B000CCF81 /* TabBarManager.swift */,
				C0697C531D85E1BB00269434 /* Find Your Singing (Not in current app) */,
				C0515B671A7BA59D0006ED16 /* Main.storyboard */,
				C043116E1DB4DDC70015C180 /* TabBarController.swift */,
				C0515B911A7BBA810006ED16 /* Managed Objects */,
				C02E18901BF11BB800FF2057 /* Minute-taking */,
				C02E18911BF11BD300FF2057 /* Song Lists */,
				C0EA4E271C00DF83000CCF81 /* Singer Lists */,
				C0C1D47B1A8133FC0082C0EB /* TwitterShareHelper.swift */,
				C05626A51BEFD1B700E05EBE /* Quiz */,
				C0515B6A1A7BA59D0006ED16 /* Images.xcassets */,
				C0C2B2CB1DB3DA5C00DD27A2 /* SubtitledTappable.swift */,
				C072206A1DD763F200CE9CAC /* About.storyboard */,
				C072206D1DD76B7B00CE9CAC /* AboutViewController.swift */,
				C0515B621A7BA59D0006ED16 /* ShapeNote.xcdatamodeld */,
				C0515B5E1A7BA59D0006ED16 /* Supporting Files */,
				C0D2AF831A7EE3310074C40F /* ShapeNote-Bridging-Header.h */,
				C0C1D5181A868F6B0082C0EB /* Fabric */,
			);
			path = ShapeNote;
			sourceTree = "<group>";
		};
		C0515B5E1A7BA59D0006ED16 /* Supporting Files */ = {
			isa = PBXGroup;
			children = (
				C0BE7DB41BE6359A006383CC /* FontAwesome.otf */,
				C092E85F1A8914B6002594A5 /* CH.json */,
				C0515B921A7BC4000006ED16 /* SH1991.json */,
				C092E8631A8A0311002594A5 /* Shenandoah.json */,
				C092E8641A8A0311002594A5 /* Cooper2012.json */,
				C0515B5F1A7BA59D0006ED16 /* Info.plist */,
				C0697C5E1D85E24900269434 /* GeoLite2-City.mmdb */,
			);
			name = "Supporting Files";
			sourceTree = "<group>";
		};
		C0515B761A7BA59D0006ED16 /* ShapeNoteTests */ = {
			isa = PBXGroup;
			children = (
				C0515B791A7BA59D0006ED16 /* ShapeNoteTests.swift */,
				C0515B771A7BA59D0006ED16 /* Supporting Files */,
			);
			path = ShapeNoteTests;
			sourceTree = "<group>";
		};
		C0515B771A7BA59D0006ED16 /* Supporting Files */ = {
			isa = PBXGroup;
			children = (
				C0515B781A7BA59D0006ED16 /* Info.plist */,
			);
			name = "Supporting Files";
			sourceTree = "<group>";
		};
		C0515B911A7BBA810006ED16 /* Managed Objects */ = {
			isa = PBXGroup;
			children = (
				C0515B8F1A7BBA7A0006ED16 /* Group.swift */,
				C0515B8D1A7BBA7A0006ED16 /* Song.swift */,
				C0515B8B1A7BBA7A0006ED16 /* Book.swift */,
				C0515B891A7BBA7A0006ED16 /* Singer.swift */,
				C0515B871A7BBA790006ED16 /* Lesson.swift */,
				C09A650A1A7EDA8600099E76 /* Minutes.swift */,
			);
			name = "Managed Objects";
			sourceTree = "<group>";
		};
		C05626A51BEFD1B700E05EBE /* Quiz */ = {
			isa = PBXGroup;
			children = (
				C0EA4E231BFFBF54000CCF81 /* Quiz.storyboard */,
				C05626971BEF711500E05EBE /* QuizSetupViewController.swift */,
				C056269D1BEF870600E05EBE /* QuizQuestionTypeTableViewCell.swift */,
				C056269F1BEF8F0400E05EBE /* QuizQuestionProvider.swift */,
				C05626A11BEFB63F00E05EBE /* QuizOption.swift */,
				C05626A31BEFB80700E05EBE /* QuizItemViewController.swift */,
				C0C1D1C81BF0E13200C22809 /* QuizCompletedViewController.swift */,
				C0C1D1C91BF0E13200C22809 /* QuizCompletedViewController.xib */,
			);
			name = Quiz;
			sourceTree = "<group>";
		};
		C0697C531D85E1BB00269434 /* Find Your Singing (Not in current app) */ = {
			isa = PBXGroup;
			children = (
				C0697C541D85E1EB00269434 /* AllowLocationPermissionsViewController.swift */,
				C0697C561D85E1F300269434 /* LocalSingingPickerViewController.swift */,
				C0697C571D85E1F300269434 /* LocationPermissionsDeniedViewController.swift */,
				C0697C581D85E1F300269434 /* ReverseGeocoder.swift */,
				C0697C591D85E1F300269434 /* Singing.swift */,
			);
			name = "Find Your Singing (Not in current app)";
			sourceTree = "<group>";
		};
		C0C1D5181A868F6B0082C0EB /* Fabric */ = {
			isa = PBXGroup;
			children = (
				C06D7A7A1A86C3F900E10773 /* TwitterKitResources.bundle */,
				C06D7A721A86C25000E10773 /* Crashlytics.framework */,
				C06D7A731A86C25000E10773 /* Fabric.framework */,
				C06D7A741A86C25000E10773 /* TwitterKit.framework */,
			);
			name = Fabric;
			sourceTree = "<group>";
		};
		C0EA4E271C00DF83000CCF81 /* Singer Lists */ = {
			isa = PBXGroup;
			children = (
				C0EA4E1D1BFFBF09000CCF81 /* Singers.storyboard */,
				C0515B991A7BF0BB0006ED16 /* SingersListTableViewController.swift */,
				C0BEF0B41A8E0EE00020EA31 /* SingerProfileViewController.swift */,
				C07542E81A7BFE55007626C6 /* SingerViewController.swift */,
			);
			name = "Singer Lists";
			sourceTree = "<group>";
		};
/* End PBXGroup section */

/* Begin PBXNativeTarget section */
		C0515B5A1A7BA59D0006ED16 /* ShapeNote */ = {
			isa = PBXNativeTarget;
			buildConfigurationList = C0515B7D1A7BA59D0006ED16 /* Build configuration list for PBXNativeTarget "ShapeNote" */;
			buildPhases = (
				3AF9A248140B464812D6A96A /* [CP] Check Pods Manifest.lock */,
				C0515B571A7BA59D0006ED16 /* Sources */,
				C0515B581A7BA59D0006ED16 /* Frameworks */,
				C0515B591A7BA59D0006ED16 /* Resources */,
				C0C1D47D1A81348D0082C0EB /* ShellScript */,
				C064ECD41AB950650020AFE3 /* ShellScript */,
				30433AE3E832D05BD6EB2C6C /* [CP] Embed Pods Frameworks */,
				19CD8BF8D93B7832670D7BA1 /* [CP] Copy Pods Resources */,
			);
			buildRules = (
			);
			dependencies = (
			);
			name = ShapeNote;
			productName = ShapeNote;
			productReference = C0515B5B1A7BA59D0006ED16 /* ShapeNote.app */;
			productType = "com.apple.product-type.application";
		};
		C0515B721A7BA59D0006ED16 /* ShapeNoteTests */ = {
			isa = PBXNativeTarget;
			buildConfigurationList = C0515B801A7BA59D0006ED16 /* Build configuration list for PBXNativeTarget "ShapeNoteTests" */;
			buildPhases = (
				C0515B6F1A7BA59D0006ED16 /* Sources */,
				C0515B701A7BA59D0006ED16 /* Frameworks */,
				C0515B711A7BA59D0006ED16 /* Resources */,
			);
			buildRules = (
			);
			dependencies = (
				C0515B751A7BA59D0006ED16 /* PBXTargetDependency */,
			);
			name = ShapeNoteTests;
			productName = ShapeNoteTests;
			productReference = C0515B731A7BA59D0006ED16 /* ShapeNoteTests.xctest */;
			productType = "com.apple.product-type.bundle.unit-test";
		};
/* End PBXNativeTarget section */

/* Begin PBXProject section */
		C0515B531A7BA59D0006ED16 /* Project object */ = {
			isa = PBXProject;
			attributes = {
				LastSwiftMigration = 0700;
				LastSwiftUpdateCheck = 0700;
				LastUpgradeCheck = 0800;
				ORGANIZATIONNAME = "Charlie Williams";
				TargetAttributes = {
					C0515B5A1A7BA59D0006ED16 = {
						CreatedOnToolsVersion = 6.1.1;
						DevelopmentTeam = N2WM6EN8GQ;
						LastSwiftMigration = 0800;
						SystemCapabilities = {
							com.apple.InAppPurchase = {
								enabled = 0;
							};
						};
					};
					C0515B721A7BA59D0006ED16 = {
						CreatedOnToolsVersion = 6.1.1;
						LastSwiftMigration = 0800;
						TestTargetID = C0515B5A1A7BA59D0006ED16;
					};
				};
			};
			buildConfigurationList = C0515B561A7BA59D0006ED16 /* Build configuration list for PBXProject "ShapeNote" */;
			compatibilityVersion = "Xcode 3.2";
			developmentRegion = English;
			hasScannedForEncodings = 0;
			knownRegions = (
				en,
				Base,
			);
			mainGroup = C0515B521A7BA59D0006ED16;
			productRefGroup = C0515B5C1A7BA59D0006ED16 /* Products */;
			projectDirPath = "";
			projectRoot = "";
			targets = (
				C0515B5A1A7BA59D0006ED16 /* ShapeNote */,
				C0515B721A7BA59D0006ED16 /* ShapeNoteTests */,
			);
		};
/* End PBXProject section */

/* Begin PBXResourcesBuildPhase section */
		C0515B591A7BA59D0006ED16 /* Resources */ = {
			isa = PBXResourcesBuildPhase;
			buildActionMask = 2147483647;
			files = (
				C021FDA01C21EFAD009A972A /* FacebookShareViewController.xib in Resources */,
				C092E8601A8914B6002594A5 /* CH.json in Resources */,
				C0515B691A7BA59D0006ED16 /* Main.storyboard in Resources */,
				C0285B801D97169C00306705 /* Favourites.storyboard in Resources */,
				C0EA4E1F1BFFBF09000CCF81 /* Singers.storyboard in Resources */,
				C04311731DB4EE080015C180 /* BookPicker.storyboard in Resources */,
				C0EA4E241BFFBF54000CCF81 /* Quiz.storyboard in Resources */,
				C0C1D1CB1BF0E13200C22809 /* QuizCompletedViewController.xib in Resources */,
				C072206C1DD763F200CE9CAC /* About.storyboard in Resources */,
				C04D219D1DD86A8400B98D86 /* TwitterKitResources.bundle in Resources */,
				C0515B931A7BC4000006ED16 /* SH1991.json in Resources */,
				C04D219F1DD8C80600B98D86 /* Launch.storyboard in Resources */,
				C0EA4E191BFFBEBC000CCF81 /* Minutes.storyboard in Resources */,
				C092E8661A8A0311002594A5 /* Cooper2012.json in Resources */,
				C0EA4E2A1C01B258000CCF81 /* Intro.storyboard in Resources */,
				C0EA4E1C1BFFBEE9000CCF81 /* SongList.storyboard in Resources */,
				C0BE7DB51BE6359A006383CC /* FontAwesome.otf in Resources */,
				C0515B6B1A7BA59D0006ED16 /* Images.xcassets in Resources */,
				C0D1325C1C1D825C007D95B5 /* SongListTableViewCell.xib in Resources */,
				C092E8651A8A0311002594A5 /* Shenandoah.json in Resources */,
			);
			runOnlyForDeploymentPostprocessing = 0;
		};
		C0515B711A7BA59D0006ED16 /* Resources */ = {
			isa = PBXResourcesBuildPhase;
			buildActionMask = 2147483647;
			files = (
			);
			runOnlyForDeploymentPostprocessing = 0;
		};
/* End PBXResourcesBuildPhase section */

/* Begin PBXShellScriptBuildPhase section */
		19CD8BF8D93B7832670D7BA1 /* [CP] Copy Pods Resources */ = {
			isa = PBXShellScriptBuildPhase;
			buildActionMask = 2147483647;
			files = (
			);
			inputPaths = (
			);
			name = "[CP] Copy Pods Resources";
			outputPaths = (
			);
			runOnlyForDeploymentPostprocessing = 0;
			shellPath = /bin/sh;
			shellScript = "\"${SRCROOT}/Pods/Target Support Files/Pods-ShapeNote/Pods-ShapeNote-resources.sh\"\n";
			showEnvVarsInLog = 0;
		};
		30433AE3E832D05BD6EB2C6C /* [CP] Embed Pods Frameworks */ = {
			isa = PBXShellScriptBuildPhase;
			buildActionMask = 2147483647;
			files = (
			);
			inputPaths = (
			);
			name = "[CP] Embed Pods Frameworks";
			outputPaths = (
			);
			runOnlyForDeploymentPostprocessing = 0;
			shellPath = /bin/sh;
			shellScript = "\"${SRCROOT}/Pods/Target Support Files/Pods-ShapeNote/Pods-ShapeNote-frameworks.sh\"\n";
			showEnvVarsInLog = 0;
		};
		3AF9A248140B464812D6A96A /* [CP] Check Pods Manifest.lock */ = {
			isa = PBXShellScriptBuildPhase;
			buildActionMask = 2147483647;
			files = (
			);
			inputPaths = (
			);
			name = "[CP] Check Pods Manifest.lock";
			outputPaths = (
			);
			runOnlyForDeploymentPostprocessing = 0;
			shellPath = /bin/sh;
			shellScript = "diff \"${PODS_ROOT}/../Podfile.lock\" \"${PODS_ROOT}/Manifest.lock\" > /dev/null\nif [[ $? != 0 ]] ; then\n    cat << EOM\nerror: The sandbox is not in sync with the Podfile.lock. Run 'pod install' or update your CocoaPods installation.\nEOM\n    exit 1\nfi\n";
			showEnvVarsInLog = 0;
		};
		C064ECD41AB950650020AFE3 /* ShellScript */ = {
			isa = PBXShellScriptBuildPhase;
			buildActionMask = 2147483647;
			files = (
			);
			inputPaths = (
			);
			outputPaths = (
			);
			runOnlyForDeploymentPostprocessing = 0;
			shellPath = /bin/sh;
			shellScript = "if [ $CONFIGURATION == Release ]; then\necho \"Bumping build number...\"\nplist=${PROJECT_DIR}/${INFOPLIST_FILE}\n\n# increment the build number (ie 115 to 116)\nbuildnum=$(/usr/libexec/PlistBuddy -c \"Print CFBundleVersion\" \"${plist}\")\nif [[ \"${buildnum}\" == \"\" ]]; then\necho \"No build number in $plist\"\nexit 2\nfi\n\nbuildnum=$(expr $buildnum + 1)\n/usr/libexec/Plistbuddy -c \"Set CFBundleVersion $buildnum\" \"${plist}\"\necho \"Bumped build number to $buildnum\"\n\nelse\necho $CONFIGURATION \" build - Not bumping build number.\"\nfi";
		};
		C0C1D47D1A81348D0082C0EB /* ShellScript */ = {
			isa = PBXShellScriptBuildPhase;
			buildActionMask = 2147483647;
			files = (
			);
			inputPaths = (
			);
			outputPaths = (
			);
			runOnlyForDeploymentPostprocessing = 0;
			shellPath = /bin/sh;
			shellScript = "./Fabric/Fabric.framework/run 95e78a1b7ecc0b8e2442e9fa982256d4da835a2e ba140be7fe51516e03f1a5f0a130fc0de9c405eb233d585b418ea25ebc2859b9";
		};
/* End PBXShellScriptBuildPhase section */

/* Begin PBXSourcesBuildPhase section */
		C0515B571A7BA59D0006ED16 /* Sources */ = {
			isa = PBXSourcesBuildPhase;
			buildActionMask = 2147483647;
			files = (
				C07220681DD7374B00CE9CAC /* GroupSelectionTableViewController.swift in Sources */,
				C0BEF0B51A8E0EE00020EA31 /* SingerProfileViewController.swift in Sources */,
				C0515B8E1A7BBA7A0006ED16 /* Song.swift in Sources */,
				C0515B8C1A7BBA7A0006ED16 /* Book.swift in Sources */,
				C02E18A21BF695AA00FF2057 /* NewLessonTableViewCell.swift in Sources */,
				C0C1D47C1A8133FC0082C0EB /* TwitterShareHelper.swift in Sources */,
				C0515B861A7BADFE0006ED16 /* JSONLoader.swift in Sources */,
				C09A650B1A7EDA8600099E76 /* Minutes.swift in Sources */,
				C04311711DB4E4920015C180 /* UITableViewController.swift in Sources */,
				C09A65071A7ED9F800099E76 /* MinutesListViewController.swift in Sources */,
				C05626A21BEFB63F00E05EBE /* QuizOption.swift in Sources */,
				C021FD9F1C21EFAD009A972A /* FacebookShareViewController.swift in Sources */,
				C0EA4E2E1C01BC3B000CCF81 /* TabBarManager.swift in Sources */,
				C0515B901A7BBA7A0006ED16 /* Group.swift in Sources */,
				C02E18A81BF7736400FF2057 /* NoMinutesYetView.swift in Sources */,
				C056269E1BEF870600E05EBE /* QuizQuestionTypeTableViewCell.swift in Sources */,
				C02E18A61BF753E000FF2057 /* NewLessonTextEntryTableViewCell.swift in Sources */,
				C0BE7DB91BE6AA5F006383CC /* FiltersViewController.swift in Sources */,
				C00AB58F1A7FDFEA001F4D61 /* NewLessonViewController.swift in Sources */,
				C0515B8A1A7BBA7A0006ED16 /* Singer.swift in Sources */,
				C0515B9A1A7BF0BB0006ED16 /* SingersListTableViewController.swift in Sources */,
				C05626A41BEFB80700E05EBE /* QuizItemViewController.swift in Sources */,
				C012C8E21CCBB63F00292F06 /* Notifications.swift in Sources */,
				C0EA4E2C1C01BAD6000CCF81 /* IntroPopupViewController.swift in Sources */,
				C07542EA1A7BFE55007626C6 /* SingerViewController.swift in Sources */,
				C05626981BEF711500E05EBE /* QuizSetupViewController.swift in Sources */,
				C09A65091A7EDA0D00099E76 /* MinuteTakingViewController.swift in Sources */,
				C0515B981A7BEB3B0006ED16 /* SongListTableViewController.swift in Sources */,
				C092E8621A891A51002594A5 /* Defaults.swift in Sources */,
				C02E18A41BF753C500FF2057 /* NewLessonAssistantTableViewCell.swift in Sources */,
				C05626A01BEF8F0400E05EBE /* QuizQuestionProvider.swift in Sources */,
				C0515B881A7BBA790006ED16 /* Lesson.swift in Sources */,
				C0D1325A1C1D724D007D95B5 /* SearchResultsTableViewController.swift in Sources */,
				C0285B821D9716E700306705 /* FavouritesTableViewController.swift in Sources */,
				C012C8E01CCBB30200292F06 /* DataValidity.swift in Sources */,
				C0515B611A7BA59D0006ED16 /* AppDelegate.swift in Sources */,
				C0515B841A7BA5F90006ED16 /* CoreDataHelper.swift in Sources */,
				C07436C71DABC17C00EBB4B9 /* IntroHandler.swift in Sources */,
				C0535FED1A7FBF6700978C37 /* MinutesTableViewCell.swift in Sources */,
				C0BE7DB71BE6A169006383CC /* NotesViewController.swift in Sources */,
				C043116F1DB4DDC70015C180 /* TabBarController.swift in Sources */,
				C0C2B2CC1DB3DA5C00DD27A2 /* SubtitledTappable.swift in Sources */,
				C072206E1DD76B7B00CE9CAC /* AboutViewController.swift in Sources */,
				C09A96A11A7EC293009D1C29 /* SongListTableViewCell.swift in Sources */,
				C092E8681A8A0CB8002594A5 /* BookPickerTableViewController.swift in Sources */,
				C0C1D1CA1BF0E13200C22809 /* QuizCompletedViewController.swift in Sources */,
				C0515B641A7BA59D0006ED16 /* ShapeNote.xcdatamodeld in Sources */,
			);
			runOnlyForDeploymentPostprocessing = 0;
		};
		C0515B6F1A7BA59D0006ED16 /* Sources */ = {
			isa = PBXSourcesBuildPhase;
			buildActionMask = 2147483647;
			files = (
				C0515B7A1A7BA59D0006ED16 /* ShapeNoteTests.swift in Sources */,
			);
			runOnlyForDeploymentPostprocessing = 0;
		};
/* End PBXSourcesBuildPhase section */

/* Begin PBXTargetDependency section */
		C0515B751A7BA59D0006ED16 /* PBXTargetDependency */ = {
			isa = PBXTargetDependency;
			target = C0515B5A1A7BA59D0006ED16 /* ShapeNote */;
			targetProxy = C0515B741A7BA59D0006ED16 /* PBXContainerItemProxy */;
		};
/* End PBXTargetDependency section */

/* Begin PBXVariantGroup section */
		C0285B7E1D97169C00306705 /* Favourites.storyboard */ = {
			isa = PBXVariantGroup;
			children = (
				C0285B7F1D97169C00306705 /* Base */,
			);
			name = Favourites.storyboard;
			sourceTree = "<group>";
		};
		C0515B671A7BA59D0006ED16 /* Main.storyboard */ = {
			isa = PBXVariantGroup;
			children = (
				C0515B681A7BA59D0006ED16 /* Base */,
			);
			name = Main.storyboard;
			sourceTree = "<group>";
		};
		C072206A1DD763F200CE9CAC /* About.storyboard */ = {
			isa = PBXVariantGroup;
			children = (
				C072206B1DD763F200CE9CAC /* Base */,
			);
			name = About.storyboard;
			sourceTree = "<group>";
		};
		C0EA4E171BFFBEBC000CCF81 /* Minutes.storyboard */ = {
			isa = PBXVariantGroup;
			children = (
				C0EA4E181BFFBEBC000CCF81 /* Base */,
			);
			name = Minutes.storyboard;
			sourceTree = "<group>";
		};
		C0EA4E1A1BFFBEE9000CCF81 /* SongList.storyboard */ = {
			isa = PBXVariantGroup;
			children = (
				C0EA4E1B1BFFBEE9000CCF81 /* Base */,
			);
			name = SongList.storyboard;
			sourceTree = "<group>";
		};
		C0EA4E1D1BFFBF09000CCF81 /* Singers.storyboard */ = {
			isa = PBXVariantGroup;
			children = (
				C0EA4E1E1BFFBF09000CCF81 /* Base */,
			);
			name = Singers.storyboard;
			sourceTree = "<group>";
		};
/* End PBXVariantGroup section */

/* Begin XCBuildConfiguration section */
		C0515B7B1A7BA59D0006ED16 /* Debug */ = {
			isa = XCBuildConfiguration;
			buildSettings = {
				ALWAYS_SEARCH_USER_PATHS = NO;
				CLANG_ALLOW_NON_MODULAR_INCLUDES_IN_FRAMEWORK_MODULES = YES;
				CLANG_CXX_LANGUAGE_STANDARD = "gnu++0x";
				CLANG_CXX_LIBRARY = "libc++";
				CLANG_ENABLE_MODULES = YES;
				CLANG_ENABLE_OBJC_ARC = YES;
				CLANG_WARN_BOOL_CONVERSION = YES;
				CLANG_WARN_CONSTANT_CONVERSION = YES;
				CLANG_WARN_DIRECT_OBJC_ISA_USAGE = YES_ERROR;
				CLANG_WARN_EMPTY_BODY = YES;
				CLANG_WARN_ENUM_CONVERSION = YES;
				CLANG_WARN_INFINITE_RECURSION = YES;
				CLANG_WARN_INT_CONVERSION = YES;
				CLANG_WARN_OBJC_ROOT_CLASS = YES_ERROR;
				CLANG_WARN_SUSPICIOUS_MOVE = YES;
				CLANG_WARN_UNREACHABLE_CODE = YES;
				CLANG_WARN__DUPLICATE_METHOD_MATCH = YES;
				CODE_SIGN_IDENTITY = "iPhone Developer";
				COPY_PHASE_STRIP = NO;
				ENABLE_STRICT_OBJC_MSGSEND = YES;
				ENABLE_TESTABILITY = YES;
				FRAMEWORK_SEARCH_PATHS = "";
				GCC_C_LANGUAGE_STANDARD = gnu99;
				GCC_DYNAMIC_NO_PIC = NO;
				GCC_NO_COMMON_BLOCKS = YES;
				GCC_OPTIMIZATION_LEVEL = 0;
				GCC_PREPROCESSOR_DEFINITIONS = (
					"DEBUG=1",
					"$(inherited)",
				);
				GCC_SYMBOLS_PRIVATE_EXTERN = NO;
				GCC_WARN_64_TO_32_BIT_CONVERSION = YES;
				GCC_WARN_ABOUT_RETURN_TYPE = YES_ERROR;
				GCC_WARN_UNDECLARED_SELECTOR = YES;
				GCC_WARN_UNINITIALIZED_AUTOS = YES_AGGRESSIVE;
				GCC_WARN_UNUSED_FUNCTION = YES;
				GCC_WARN_UNUSED_VARIABLE = YES;
				IPHONEOS_DEPLOYMENT_TARGET = 9.3;
				MTL_ENABLE_DEBUG_INFO = YES;
				ONLY_ACTIVE_ARCH = YES;
				OTHER_SWIFT_FLAGS = "-D DEBUG=1";
				PROVISIONING_PROFILE = "";
				SDKROOT = iphoneos;
				STRIP_INSTALLED_PRODUCT = NO;
				SWIFT_OPTIMIZATION_LEVEL = "-Onone";
				SWIFT_VERSION = 3.0;
			};
			name = Debug;
		};
		C0515B7C1A7BA59D0006ED16 /* Release */ = {
			isa = XCBuildConfiguration;
			buildSettings = {
				ALWAYS_SEARCH_USER_PATHS = NO;
				CLANG_ALLOW_NON_MODULAR_INCLUDES_IN_FRAMEWORK_MODULES = YES;
				CLANG_CXX_LANGUAGE_STANDARD = "gnu++0x";
				CLANG_CXX_LIBRARY = "libc++";
				CLANG_ENABLE_MODULES = YES;
				CLANG_ENABLE_OBJC_ARC = YES;
				CLANG_WARN_BOOL_CONVERSION = YES;
				CLANG_WARN_CONSTANT_CONVERSION = YES;
				CLANG_WARN_DIRECT_OBJC_ISA_USAGE = YES_ERROR;
				CLANG_WARN_EMPTY_BODY = YES;
				CLANG_WARN_ENUM_CONVERSION = YES;
				CLANG_WARN_INFINITE_RECURSION = YES;
				CLANG_WARN_INT_CONVERSION = YES;
				CLANG_WARN_OBJC_ROOT_CLASS = YES_ERROR;
				CLANG_WARN_SUSPICIOUS_MOVE = YES;
				CLANG_WARN_UNREACHABLE_CODE = YES;
				CLANG_WARN__DUPLICATE_METHOD_MATCH = YES;
				CODE_SIGN_IDENTITY = "iPhone Developer";
				COPY_PHASE_STRIP = YES;
				ENABLE_NS_ASSERTIONS = NO;
				ENABLE_STRICT_OBJC_MSGSEND = YES;
				FRAMEWORK_SEARCH_PATHS = "";
				GCC_C_LANGUAGE_STANDARD = gnu99;
				GCC_NO_COMMON_BLOCKS = YES;
				GCC_WARN_64_TO_32_BIT_CONVERSION = YES;
				GCC_WARN_ABOUT_RETURN_TYPE = YES_ERROR;
				GCC_WARN_UNDECLARED_SELECTOR = YES;
				GCC_WARN_UNINITIALIZED_AUTOS = YES_AGGRESSIVE;
				GCC_WARN_UNUSED_FUNCTION = YES;
				GCC_WARN_UNUSED_VARIABLE = YES;
				IPHONEOS_DEPLOYMENT_TARGET = 9.3;
				MTL_ENABLE_DEBUG_INFO = NO;
				OTHER_SWIFT_FLAGS = "";
				PROVISIONING_PROFILE = "";
				SDKROOT = iphoneos;
				SWIFT_OPTIMIZATION_LEVEL = "-Owholemodule";
				SWIFT_VERSION = 3.0;
				VALIDATE_PRODUCT = YES;
			};
			name = Release;
		};
		C0515B7E1A7BA59D0006ED16 /* Debug */ = {
			isa = XCBuildConfiguration;
			baseConfigurationReference = 77A2ED1F51222277DE60C191 /* Pods-ShapeNote.debug.xcconfig */;
			buildSettings = {
				ALWAYS_EMBED_SWIFT_STANDARD_LIBRARIES = YES;
				ASSETCATALOG_COMPILER_APPICON_NAME = AppIcon;
				CLANG_ALLOW_NON_MODULAR_INCLUDES_IN_FRAMEWORK_MODULES = YES;
				CLANG_ENABLE_MODULES = YES;
				DEFINES_MODULE = YES;
				ENABLE_BITCODE = YES;
				FRAMEWORK_SEARCH_PATHS = (
					"$(inherited)",
					"$(PROJECT_DIR)",
					"$(PROJECT_DIR)/ShapeNote",
					"$(PROJECT_DIR)/Fabric",
					"\"$(SRCROOT)/Pods\"",
				);
				HEADER_SEARCH_PATHS = (
					"$(inherited)",
					"\"$(SRCROOT)/Pods\"",
				);
				INFOPLIST_FILE = ShapeNote/Info.plist;
				IPHONEOS_DEPLOYMENT_TARGET = 9.0;
				LD_RUNPATH_SEARCH_PATHS = "$(inherited) @executable_path/Frameworks";
				OTHER_SWIFT_FLAGS = "$(inherited) -D COCOAPODS";
				PRODUCT_BUNDLE_IDENTIFIER = "com.charliewilliams.$(PRODUCT_NAME:rfc1034identifier)";
				PRODUCT_NAME = "$(TARGET_NAME)";
				SWIFT_OBJC_BRIDGING_HEADER = "ShapeNote/ShapeNote-Bridging-Header.h";
				SWIFT_OPTIMIZATION_LEVEL = "-Onone";
				SWIFT_VERSION = 3.0;
				TARGETED_DEVICE_FAMILY = 1;
			};
			name = Debug;
		};
		C0515B7F1A7BA59D0006ED16 /* Release */ = {
			isa = XCBuildConfiguration;
			baseConfigurationReference = 76F72A61DC124AED2D74251E /* Pods-ShapeNote.release.xcconfig */;
			buildSettings = {
				ALWAYS_EMBED_SWIFT_STANDARD_LIBRARIES = YES;
				ASSETCATALOG_COMPILER_APPICON_NAME = AppIcon;
				CLANG_ALLOW_NON_MODULAR_INCLUDES_IN_FRAMEWORK_MODULES = YES;
				CLANG_ENABLE_MODULES = YES;
				DEFINES_MODULE = YES;
				ENABLE_BITCODE = YES;
				FRAMEWORK_SEARCH_PATHS = (
					"$(inherited)",
					"$(PROJECT_DIR)",
					"$(PROJECT_DIR)/ShapeNote",
					"$(PROJECT_DIR)/Fabric",
					"\"$(SRCROOT)/Pods\"",
				);
				HEADER_SEARCH_PATHS = (
					"$(inherited)",
					"\"$(SRCROOT)/Pods\"",
				);
				INFOPLIST_FILE = ShapeNote/Info.plist;
				IPHONEOS_DEPLOYMENT_TARGET = 9.0;
				LD_RUNPATH_SEARCH_PATHS = "$(inherited) @executable_path/Frameworks";
				OTHER_SWIFT_FLAGS = "-D DEBUG=0";
				PRODUCT_BUNDLE_IDENTIFIER = "com.charliewilliams.$(PRODUCT_NAME:rfc1034identifier)";
				PRODUCT_NAME = "$(TARGET_NAME)";
				SWIFT_OBJC_BRIDGING_HEADER = "ShapeNote/ShapeNote-Bridging-Header.h";
				SWIFT_VERSION = 3.0;
				TARGETED_DEVICE_FAMILY = 1;
			};
			name = Release;
		};
		C0515B811A7BA59D0006ED16 /* Debug */ = {
			isa = XCBuildConfiguration;
			buildSettings = {
				BUNDLE_LOADER = "$(TEST_HOST)";
				FRAMEWORK_SEARCH_PATHS = "$(inherited)";
				GCC_PREPROCESSOR_DEFINITIONS = (
					"DEBUG=1",
					"$(inherited)",
				);
				INFOPLIST_FILE = ShapeNoteTests/Info.plist;
				LD_RUNPATH_SEARCH_PATHS = "$(inherited) @executable_path/Frameworks @loader_path/Frameworks";
				PRODUCT_BUNDLE_IDENTIFIER = "com.charliewilliams.$(PRODUCT_NAME:rfc1034identifier)";
				PRODUCT_NAME = "$(TARGET_NAME)";
				PROVISIONING_PROFILE = "";
				SWIFT_VERSION = 3.0;
				TEST_HOST = "$(BUILT_PRODUCTS_DIR)/ShapeNote.app/ShapeNote";
			};
			name = Debug;
		};
		C0515B821A7BA59D0006ED16 /* Release */ = {
			isa = XCBuildConfiguration;
			buildSettings = {
				BUNDLE_LOADER = "$(TEST_HOST)";
				FRAMEWORK_SEARCH_PATHS = "$(inherited)";
				INFOPLIST_FILE = ShapeNoteTests/Info.plist;
				LD_RUNPATH_SEARCH_PATHS = "$(inherited) @executable_path/Frameworks @loader_path/Frameworks";
				PRODUCT_BUNDLE_IDENTIFIER = "com.charliewilliams.$(PRODUCT_NAME:rfc1034identifier)";
				PRODUCT_NAME = "$(TARGET_NAME)";
				PROVISIONING_PROFILE = "";
				SWIFT_VERSION = 3.0;
				TEST_HOST = "$(BUILT_PRODUCTS_DIR)/ShapeNote.app/ShapeNote";
			};
			name = Release;
		};
/* End XCBuildConfiguration section */

/* Begin XCConfigurationList section */
		C0515B561A7BA59D0006ED16 /* Build configuration list for PBXProject "ShapeNote" */ = {
			isa = XCConfigurationList;
			buildConfigurations = (
				C0515B7B1A7BA59D0006ED16 /* Debug */,
				C0515B7C1A7BA59D0006ED16 /* Release */,
			);
			defaultConfigurationIsVisible = 0;
			defaultConfigurationName = Release;
		};
		C0515B7D1A7BA59D0006ED16 /* Build configuration list for PBXNativeTarget "ShapeNote" */ = {
			isa = XCConfigurationList;
			buildConfigurations = (
				C0515B7E1A7BA59D0006ED16 /* Debug */,
				C0515B7F1A7BA59D0006ED16 /* Release */,
			);
			defaultConfigurationIsVisible = 0;
			defaultConfigurationName = Release;
		};
		C0515B801A7BA59D0006ED16 /* Build configuration list for PBXNativeTarget "ShapeNoteTests" */ = {
			isa = XCConfigurationList;
			buildConfigurations = (
				C0515B811A7BA59D0006ED16 /* Debug */,
				C0515B821A7BA59D0006ED16 /* Release */,
			);
			defaultConfigurationIsVisible = 0;
			defaultConfigurationName = Release;
		};
/* End XCConfigurationList section */

/* Begin XCVersionGroup section */
		C0515B621A7BA59D0006ED16 /* ShapeNote.xcdatamodeld */ = {
			isa = XCVersionGroup;
			children = (
				C021FD9C1C21EAEA009A972A /* ShapeNote 0.5.xcdatamodel */,
				C09ABE1B1C1F6E2800310195 /* ShapeNote 0.4.xcdatamodel */,
				C0DBE9251C05D2CD0060344F /* ShapeNote 0.3.xcdatamodel */,
				C0CFCA5C1AA88C1F000C80DF /* ShapeNote 0. 2.xcdatamodel */,
				C0255C561A9D3BD100DD185F /* ShapeNote 0.1.xcdatamodel */,
				C0515B631A7BA59D0006ED16 /* ShapeNote.xcdatamodel */,
			);
			currentVersion = C021FD9C1C21EAEA009A972A /* ShapeNote 0.5.xcdatamodel */;
			path = ShapeNote.xcdatamodeld;
			sourceTree = "<group>";
			versionGroupType = wrapper.xcdatamodel;
		};
/* End XCVersionGroup section */
	};
	rootObject = C0515B531A7BA59D0006ED16 /* Project object */;
}
