// !$*UTF8*$!
{
	archiveVersion = 1;
	classes = {
	};
	objectVersion = 46;
	objects = {

/* Begin PBXBuildFile section */
		C00AB58F1A7FDFEA001F4D61 /* NewLeadingViewController.swift in Sources */ = {isa = PBXBuildFile; fileRef = C00AB58E1A7FDFEA001F4D61 /* NewLeadingViewController.swift */; };
		C0515B611A7BA59D0006ED16 /* AppDelegate.swift in Sources */ = {isa = PBXBuildFile; fileRef = C0515B601A7BA59D0006ED16 /* AppDelegate.swift */; };
		C0515B641A7BA59D0006ED16 /* ShapeNote.xcdatamodeld in Sources */ = {isa = PBXBuildFile; fileRef = C0515B621A7BA59D0006ED16 /* ShapeNote.xcdatamodeld */; };
		C0515B661A7BA59D0006ED16 /* ViewController.swift in Sources */ = {isa = PBXBuildFile; fileRef = C0515B651A7BA59D0006ED16 /* ViewController.swift */; };
		C0515B691A7BA59D0006ED16 /* Main.storyboard in Resources */ = {isa = PBXBuildFile; fileRef = C0515B671A7BA59D0006ED16 /* Main.storyboard */; };
		C0515B6B1A7BA59D0006ED16 /* Images.xcassets in Resources */ = {isa = PBXBuildFile; fileRef = C0515B6A1A7BA59D0006ED16 /* Images.xcassets */; };
		C0515B6E1A7BA59D0006ED16 /* LaunchScreen.xib in Resources */ = {isa = PBXBuildFile; fileRef = C0515B6C1A7BA59D0006ED16 /* LaunchScreen.xib */; };
		C0515B7A1A7BA59D0006ED16 /* ShapeNoteTests.swift in Sources */ = {isa = PBXBuildFile; fileRef = C0515B791A7BA59D0006ED16 /* ShapeNoteTests.swift */; };
		C0515B841A7BA5F90006ED16 /* CoreDataHelper.swift in Sources */ = {isa = PBXBuildFile; fileRef = C0515B831A7BA5F90006ED16 /* CoreDataHelper.swift */; };
		C0515B861A7BADFE0006ED16 /* JSONLoader.swift in Sources */ = {isa = PBXBuildFile; fileRef = C0515B851A7BADFE0006ED16 /* JSONLoader.swift */; };
		C0515B881A7BBA790006ED16 /* Leading.swift in Sources */ = {isa = PBXBuildFile; fileRef = C0515B871A7BBA790006ED16 /* Leading.swift */; };
		C0515B8A1A7BBA7A0006ED16 /* Singer.swift in Sources */ = {isa = PBXBuildFile; fileRef = C0515B891A7BBA7A0006ED16 /* Singer.swift */; };
		C0515B8C1A7BBA7A0006ED16 /* Book.swift in Sources */ = {isa = PBXBuildFile; fileRef = C0515B8B1A7BBA7A0006ED16 /* Book.swift */; };
		C0515B8E1A7BBA7A0006ED16 /* Song.swift in Sources */ = {isa = PBXBuildFile; fileRef = C0515B8D1A7BBA7A0006ED16 /* Song.swift */; };
		C0515B901A7BBA7A0006ED16 /* Group.swift in Sources */ = {isa = PBXBuildFile; fileRef = C0515B8F1A7BBA7A0006ED16 /* Group.swift */; };
		C0515B931A7BC4000006ED16 /* SH1991.json in Resources */ = {isa = PBXBuildFile; fileRef = C0515B921A7BC4000006ED16 /* SH1991.json */; };
		C0515B981A7BEB3B0006ED16 /* SongListTableViewController.swift in Sources */ = {isa = PBXBuildFile; fileRef = C0515B971A7BEB3B0006ED16 /* SongListTableViewController.swift */; };
		C0515B9A1A7BF0BB0006ED16 /* SingersListTableViewController.swift in Sources */ = {isa = PBXBuildFile; fileRef = C0515B991A7BF0BB0006ED16 /* SingersListTableViewController.swift */; };
		C0535FED1A7FBF6700978C37 /* MinutesTableViewCell.swift in Sources */ = {isa = PBXBuildFile; fileRef = C0535FEC1A7FBF6700978C37 /* MinutesTableViewCell.swift */; };
		C07542EA1A7BFE55007626C6 /* SingerViewController.swift in Sources */ = {isa = PBXBuildFile; fileRef = C07542E81A7BFE55007626C6 /* SingerViewController.swift */; };
		C09A65071A7ED9F800099E76 /* MinutesListViewController.swift in Sources */ = {isa = PBXBuildFile; fileRef = C09A65061A7ED9F800099E76 /* MinutesListViewController.swift */; };
		C09A65091A7EDA0D00099E76 /* MinuteTakingViewController.swift in Sources */ = {isa = PBXBuildFile; fileRef = C09A65081A7EDA0D00099E76 /* MinuteTakingViewController.swift */; };
		C09A650B1A7EDA8600099E76 /* Minutes.swift in Sources */ = {isa = PBXBuildFile; fileRef = C09A650A1A7EDA8600099E76 /* Minutes.swift */; };
		C09A96A11A7EC293009D1C29 /* SongListTableViewCell.swift in Sources */ = {isa = PBXBuildFile; fileRef = C09A96A01A7EC293009D1C29 /* SongListTableViewCell.swift */; };
		C09A96C21A7ED5B7009D1C29 /* LoginViewController.swift in Sources */ = {isa = PBXBuildFile; fileRef = C09A96C11A7ED5B7009D1C29 /* LoginViewController.swift */; };
		C09A96C41A7ED65A009D1C29 /* FacebookSDK.framework in Frameworks */ = {isa = PBXBuildFile; fileRef = C09A96C31A7ED65A009D1C29 /* FacebookSDK.framework */; };
		C0C1D47C1A8133FC0082C0EB /* TwitterShareHelper.swift in Sources */ = {isa = PBXBuildFile; fileRef = C0C1D47B1A8133FC0082C0EB /* TwitterShareHelper.swift */; };
		C0C1D4801A8134AB0082C0EB /* Crashlytics.framework in Frameworks */ = {isa = PBXBuildFile; fileRef = C0C1D47E1A8134AB0082C0EB /* Crashlytics.framework */; };
		C0C1D4811A8134AB0082C0EB /* Fabric.framework in Frameworks */ = {isa = PBXBuildFile; fileRef = C0C1D47F1A8134AB0082C0EB /* Fabric.framework */; };
		C0C1D4841A8135140082C0EB /* TwitterKit.framework in Frameworks */ = {isa = PBXBuildFile; fileRef = C0C1D4821A8135140082C0EB /* TwitterKit.framework */; };
		C0C1D4851A8135140082C0EB /* TwitterKitResources.bundle in Resources */ = {isa = PBXBuildFile; fileRef = C0C1D4831A8135140082C0EB /* TwitterKitResources.bundle */; };
		C0C1D4A41A813B120082C0EB /* NSDateFormatter+STTwitter.m in Sources */ = {isa = PBXBuildFile; fileRef = C0C1D4881A813B120082C0EB /* NSDateFormatter+STTwitter.m */; };
		C0C1D4A51A813B120082C0EB /* NSError+STTwitter.m in Sources */ = {isa = PBXBuildFile; fileRef = C0C1D48A1A813B120082C0EB /* NSError+STTwitter.m */; };
		C0C1D4A61A813B120082C0EB /* NSString+STTwitter.m in Sources */ = {isa = PBXBuildFile; fileRef = C0C1D48C1A813B120082C0EB /* NSString+STTwitter.m */; };
		C0C1D4A71A813B120082C0EB /* STHTTPRequest+STTwitter.m in Sources */ = {isa = PBXBuildFile; fileRef = C0C1D48E1A813B120082C0EB /* STHTTPRequest+STTwitter.m */; };
		C0C1D4A81A813B120082C0EB /* STTwitterAPI.m in Sources */ = {isa = PBXBuildFile; fileRef = C0C1D4911A813B120082C0EB /* STTwitterAPI.m */; };
		C0C1D4A91A813B120082C0EB /* STTwitterAppOnly.m in Sources */ = {isa = PBXBuildFile; fileRef = C0C1D4931A813B120082C0EB /* STTwitterAppOnly.m */; };
		C0C1D4AA1A813B120082C0EB /* STTwitterHTML.m in Sources */ = {isa = PBXBuildFile; fileRef = C0C1D4951A813B120082C0EB /* STTwitterHTML.m */; };
		C0C1D4AB1A813B120082C0EB /* STTwitterOAuth.m in Sources */ = {isa = PBXBuildFile; fileRef = C0C1D4971A813B120082C0EB /* STTwitterOAuth.m */; };
		C0C1D4AC1A813B120082C0EB /* STTwitterOS.m in Sources */ = {isa = PBXBuildFile; fileRef = C0C1D4991A813B120082C0EB /* STTwitterOS.m */; };
		C0C1D4AD1A813B120082C0EB /* STTwitterOSRequest.m in Sources */ = {isa = PBXBuildFile; fileRef = C0C1D49B1A813B120082C0EB /* STTwitterOSRequest.m */; };
		C0C1D4AE1A813B120082C0EB /* BAVPlistNode.m in Sources */ = {isa = PBXBuildFile; fileRef = C0C1D49F1A813B120082C0EB /* BAVPlistNode.m */; };
		C0C1D4AF1A813B120082C0EB /* JSONSyntaxHighlight.m in Sources */ = {isa = PBXBuildFile; fileRef = C0C1D4A11A813B120082C0EB /* JSONSyntaxHighlight.m */; };
		C0C1D4B01A813B120082C0EB /* STHTTPRequest.m in Sources */ = {isa = PBXBuildFile; fileRef = C0C1D4A31A813B120082C0EB /* STHTTPRequest.m */; };
		C0D2AF861A7EE3320074C40F /* FBSharingHelper.m in Sources */ = {isa = PBXBuildFile; fileRef = C0D2AF851A7EE3320074C40F /* FBSharingHelper.m */; };
/* End PBXBuildFile section */

/* Begin PBXContainerItemProxy section */
		C0515B741A7BA59D0006ED16 /* PBXContainerItemProxy */ = {
			isa = PBXContainerItemProxy;
			containerPortal = C0515B531A7BA59D0006ED16 /* Project object */;
			proxyType = 1;
			remoteGlobalIDString = C0515B5A1A7BA59D0006ED16;
			remoteInfo = ShapeNote;
		};
/* End PBXContainerItemProxy section */

/* Begin PBXFileReference section */
		C00AB58E1A7FDFEA001F4D61 /* NewLeadingViewController.swift */ = {isa = PBXFileReference; fileEncoding = 4; lastKnownFileType = sourcecode.swift; path = NewLeadingViewController.swift; sourceTree = "<group>"; };
		C0515B5B1A7BA59D0006ED16 /* ShapeNote.app */ = {isa = PBXFileReference; explicitFileType = wrapper.application; includeInIndex = 0; path = ShapeNote.app; sourceTree = BUILT_PRODUCTS_DIR; };
		C0515B5F1A7BA59D0006ED16 /* Info.plist */ = {isa = PBXFileReference; lastKnownFileType = text.plist.xml; path = Info.plist; sourceTree = "<group>"; };
		C0515B601A7BA59D0006ED16 /* AppDelegate.swift */ = {isa = PBXFileReference; lastKnownFileType = sourcecode.swift; path = AppDelegate.swift; sourceTree = "<group>"; };
		C0515B631A7BA59D0006ED16 /* ShapeNote.xcdatamodel */ = {isa = PBXFileReference; lastKnownFileType = wrapper.xcdatamodel; path = ShapeNote.xcdatamodel; sourceTree = "<group>"; };
		C0515B651A7BA59D0006ED16 /* ViewController.swift */ = {isa = PBXFileReference; lastKnownFileType = sourcecode.swift; path = ViewController.swift; sourceTree = "<group>"; };
		C0515B681A7BA59D0006ED16 /* Base */ = {isa = PBXFileReference; lastKnownFileType = file.storyboard; name = Base; path = Base.lproj/Main.storyboard; sourceTree = "<group>"; };
		C0515B6A1A7BA59D0006ED16 /* Images.xcassets */ = {isa = PBXFileReference; lastKnownFileType = folder.assetcatalog; path = Images.xcassets; sourceTree = "<group>"; };
		C0515B6D1A7BA59D0006ED16 /* Base */ = {isa = PBXFileReference; lastKnownFileType = file.xib; name = Base; path = Base.lproj/LaunchScreen.xib; sourceTree = "<group>"; };
		C0515B731A7BA59D0006ED16 /* ShapeNoteTests.xctest */ = {isa = PBXFileReference; explicitFileType = wrapper.cfbundle; includeInIndex = 0; path = ShapeNoteTests.xctest; sourceTree = BUILT_PRODUCTS_DIR; };
		C0515B781A7BA59D0006ED16 /* Info.plist */ = {isa = PBXFileReference; lastKnownFileType = text.plist.xml; path = Info.plist; sourceTree = "<group>"; };
		C0515B791A7BA59D0006ED16 /* ShapeNoteTests.swift */ = {isa = PBXFileReference; lastKnownFileType = sourcecode.swift; path = ShapeNoteTests.swift; sourceTree = "<group>"; };
		C0515B831A7BA5F90006ED16 /* CoreDataHelper.swift */ = {isa = PBXFileReference; fileEncoding = 4; lastKnownFileType = sourcecode.swift; path = CoreDataHelper.swift; sourceTree = "<group>"; };
		C0515B851A7BADFE0006ED16 /* JSONLoader.swift */ = {isa = PBXFileReference; fileEncoding = 4; lastKnownFileType = sourcecode.swift; path = JSONLoader.swift; sourceTree = "<group>"; };
		C0515B871A7BBA790006ED16 /* Leading.swift */ = {isa = PBXFileReference; fileEncoding = 4; lastKnownFileType = sourcecode.swift; path = Leading.swift; sourceTree = "<group>"; };
		C0515B891A7BBA7A0006ED16 /* Singer.swift */ = {isa = PBXFileReference; fileEncoding = 4; lastKnownFileType = sourcecode.swift; path = Singer.swift; sourceTree = "<group>"; };
		C0515B8B1A7BBA7A0006ED16 /* Book.swift */ = {isa = PBXFileReference; fileEncoding = 4; lastKnownFileType = sourcecode.swift; path = Book.swift; sourceTree = "<group>"; };
		C0515B8D1A7BBA7A0006ED16 /* Song.swift */ = {isa = PBXFileReference; fileEncoding = 4; lastKnownFileType = sourcecode.swift; path = Song.swift; sourceTree = "<group>"; };
		C0515B8F1A7BBA7A0006ED16 /* Group.swift */ = {isa = PBXFileReference; fileEncoding = 4; lastKnownFileType = sourcecode.swift; path = Group.swift; sourceTree = "<group>"; };
		C0515B921A7BC4000006ED16 /* SH1991.json */ = {isa = PBXFileReference; fileEncoding = 4; lastKnownFileType = text.json; path = SH1991.json; sourceTree = "<group>"; };
		C0515B971A7BEB3B0006ED16 /* SongListTableViewController.swift */ = {isa = PBXFileReference; fileEncoding = 4; lastKnownFileType = sourcecode.swift; path = SongListTableViewController.swift; sourceTree = "<group>"; };
		C0515B991A7BF0BB0006ED16 /* SingersListTableViewController.swift */ = {isa = PBXFileReference; fileEncoding = 4; lastKnownFileType = sourcecode.swift; path = SingersListTableViewController.swift; sourceTree = "<group>"; };
		C0535FEC1A7FBF6700978C37 /* MinutesTableViewCell.swift */ = {isa = PBXFileReference; fileEncoding = 4; lastKnownFileType = sourcecode.swift; path = MinutesTableViewCell.swift; sourceTree = "<group>"; };
		C07542E81A7BFE55007626C6 /* SingerViewController.swift */ = {isa = PBXFileReference; fileEncoding = 4; lastKnownFileType = sourcecode.swift; path = SingerViewController.swift; sourceTree = "<group>"; };
		C09A65061A7ED9F800099E76 /* MinutesListViewController.swift */ = {isa = PBXFileReference; fileEncoding = 4; lastKnownFileType = sourcecode.swift; path = MinutesListViewController.swift; sourceTree = "<group>"; };
		C09A65081A7EDA0D00099E76 /* MinuteTakingViewController.swift */ = {isa = PBXFileReference; fileEncoding = 4; lastKnownFileType = sourcecode.swift; path = MinuteTakingViewController.swift; sourceTree = "<group>"; };
		C09A650A1A7EDA8600099E76 /* Minutes.swift */ = {isa = PBXFileReference; fileEncoding = 4; lastKnownFileType = sourcecode.swift; path = Minutes.swift; sourceTree = "<group>"; };
		C09A96A01A7EC293009D1C29 /* SongListTableViewCell.swift */ = {isa = PBXFileReference; fileEncoding = 4; lastKnownFileType = sourcecode.swift; path = SongListTableViewCell.swift; sourceTree = "<group>"; };
		C09A96C11A7ED5B7009D1C29 /* LoginViewController.swift */ = {isa = PBXFileReference; fileEncoding = 4; lastKnownFileType = sourcecode.swift; path = LoginViewController.swift; sourceTree = "<group>"; };
		C09A96C31A7ED65A009D1C29 /* FacebookSDK.framework */ = {isa = PBXFileReference; lastKnownFileType = wrapper.framework; name = FacebookSDK.framework; path = ../../Documents/FacebookSDK/FacebookSDK.framework; sourceTree = "<group>"; };
		C0C1D47B1A8133FC0082C0EB /* TwitterShareHelper.swift */ = {isa = PBXFileReference; fileEncoding = 4; lastKnownFileType = sourcecode.swift; path = TwitterShareHelper.swift; sourceTree = "<group>"; };
		C0C1D47E1A8134AB0082C0EB /* Crashlytics.framework */ = {isa = PBXFileReference; lastKnownFileType = wrapper.framework; path = Crashlytics.framework; sourceTree = SOURCE_ROOT; };
		C0C1D47F1A8134AB0082C0EB /* Fabric.framework */ = {isa = PBXFileReference; lastKnownFileType = wrapper.framework; path = Fabric.framework; sourceTree = SOURCE_ROOT; };
		C0C1D4821A8135140082C0EB /* TwitterKit.framework */ = {isa = PBXFileReference; lastKnownFileType = wrapper.framework; path = TwitterKit.framework; sourceTree = SOURCE_ROOT; };
		C0C1D4831A8135140082C0EB /* TwitterKitResources.bundle */ = {isa = PBXFileReference; lastKnownFileType = "wrapper.plug-in"; name = TwitterKitResources.bundle; path = TwitterKit.framework/Versions/A/Resources/TwitterKitResources.bundle; sourceTree = SOURCE_ROOT; };
		C0C1D4871A813B120082C0EB /* NSDateFormatter+STTwitter.h */ = {isa = PBXFileReference; fileEncoding = 4; lastKnownFileType = sourcecode.c.h; path = "NSDateFormatter+STTwitter.h"; sourceTree = "<group>"; };
		C0C1D4881A813B120082C0EB /* NSDateFormatter+STTwitter.m */ = {isa = PBXFileReference; fileEncoding = 4; lastKnownFileType = sourcecode.c.objc; path = "NSDateFormatter+STTwitter.m"; sourceTree = "<group>"; };
		C0C1D4891A813B120082C0EB /* NSError+STTwitter.h */ = {isa = PBXFileReference; fileEncoding = 4; lastKnownFileType = sourcecode.c.h; path = "NSError+STTwitter.h"; sourceTree = "<group>"; };
		C0C1D48A1A813B120082C0EB /* NSError+STTwitter.m */ = {isa = PBXFileReference; fileEncoding = 4; lastKnownFileType = sourcecode.c.objc; path = "NSError+STTwitter.m"; sourceTree = "<group>"; };
		C0C1D48B1A813B120082C0EB /* NSString+STTwitter.h */ = {isa = PBXFileReference; fileEncoding = 4; lastKnownFileType = sourcecode.c.h; path = "NSString+STTwitter.h"; sourceTree = "<group>"; };
		C0C1D48C1A813B120082C0EB /* NSString+STTwitter.m */ = {isa = PBXFileReference; fileEncoding = 4; lastKnownFileType = sourcecode.c.objc; path = "NSString+STTwitter.m"; sourceTree = "<group>"; };
		C0C1D48D1A813B120082C0EB /* STHTTPRequest+STTwitter.h */ = {isa = PBXFileReference; fileEncoding = 4; lastKnownFileType = sourcecode.c.h; path = "STHTTPRequest+STTwitter.h"; sourceTree = "<group>"; };
		C0C1D48E1A813B120082C0EB /* STHTTPRequest+STTwitter.m */ = {isa = PBXFileReference; fileEncoding = 4; lastKnownFileType = sourcecode.c.objc; path = "STHTTPRequest+STTwitter.m"; sourceTree = "<group>"; };
		C0C1D48F1A813B120082C0EB /* STTwitter.h */ = {isa = PBXFileReference; fileEncoding = 4; lastKnownFileType = sourcecode.c.h; path = STTwitter.h; sourceTree = "<group>"; };
		C0C1D4901A813B120082C0EB /* STTwitterAPI.h */ = {isa = PBXFileReference; fileEncoding = 4; lastKnownFileType = sourcecode.c.h; path = STTwitterAPI.h; sourceTree = "<group>"; };
		C0C1D4911A813B120082C0EB /* STTwitterAPI.m */ = {isa = PBXFileReference; fileEncoding = 4; lastKnownFileType = sourcecode.c.objc; path = STTwitterAPI.m; sourceTree = "<group>"; };
		C0C1D4921A813B120082C0EB /* STTwitterAppOnly.h */ = {isa = PBXFileReference; fileEncoding = 4; lastKnownFileType = sourcecode.c.h; path = STTwitterAppOnly.h; sourceTree = "<group>"; };
		C0C1D4931A813B120082C0EB /* STTwitterAppOnly.m */ = {isa = PBXFileReference; fileEncoding = 4; lastKnownFileType = sourcecode.c.objc; path = STTwitterAppOnly.m; sourceTree = "<group>"; };
		C0C1D4941A813B120082C0EB /* STTwitterHTML.h */ = {isa = PBXFileReference; fileEncoding = 4; lastKnownFileType = sourcecode.c.h; path = STTwitterHTML.h; sourceTree = "<group>"; };
		C0C1D4951A813B120082C0EB /* STTwitterHTML.m */ = {isa = PBXFileReference; fileEncoding = 4; lastKnownFileType = sourcecode.c.objc; path = STTwitterHTML.m; sourceTree = "<group>"; };
		C0C1D4961A813B120082C0EB /* STTwitterOAuth.h */ = {isa = PBXFileReference; fileEncoding = 4; lastKnownFileType = sourcecode.c.h; path = STTwitterOAuth.h; sourceTree = "<group>"; };
		C0C1D4971A813B120082C0EB /* STTwitterOAuth.m */ = {isa = PBXFileReference; fileEncoding = 4; lastKnownFileType = sourcecode.c.objc; path = STTwitterOAuth.m; sourceTree = "<group>"; };
		C0C1D4981A813B120082C0EB /* STTwitterOS.h */ = {isa = PBXFileReference; fileEncoding = 4; lastKnownFileType = sourcecode.c.h; path = STTwitterOS.h; sourceTree = "<group>"; };
		C0C1D4991A813B120082C0EB /* STTwitterOS.m */ = {isa = PBXFileReference; fileEncoding = 4; lastKnownFileType = sourcecode.c.objc; path = STTwitterOS.m; sourceTree = "<group>"; };
		C0C1D49A1A813B120082C0EB /* STTwitterOSRequest.h */ = {isa = PBXFileReference; fileEncoding = 4; lastKnownFileType = sourcecode.c.h; path = STTwitterOSRequest.h; sourceTree = "<group>"; };
		C0C1D49B1A813B120082C0EB /* STTwitterOSRequest.m */ = {isa = PBXFileReference; fileEncoding = 4; lastKnownFileType = sourcecode.c.objc; path = STTwitterOSRequest.m; sourceTree = "<group>"; };
		C0C1D49C1A813B120082C0EB /* STTwitterProtocol.h */ = {isa = PBXFileReference; fileEncoding = 4; lastKnownFileType = sourcecode.c.h; path = STTwitterProtocol.h; sourceTree = "<group>"; };
		C0C1D49E1A813B120082C0EB /* BAVPlistNode.h */ = {isa = PBXFileReference; fileEncoding = 4; lastKnownFileType = sourcecode.c.h; path = BAVPlistNode.h; sourceTree = "<group>"; };
		C0C1D49F1A813B120082C0EB /* BAVPlistNode.m */ = {isa = PBXFileReference; fileEncoding = 4; lastKnownFileType = sourcecode.c.objc; path = BAVPlistNode.m; sourceTree = "<group>"; };
		C0C1D4A01A813B120082C0EB /* JSONSyntaxHighlight.h */ = {isa = PBXFileReference; fileEncoding = 4; lastKnownFileType = sourcecode.c.h; path = JSONSyntaxHighlight.h; sourceTree = "<group>"; };
		C0C1D4A11A813B120082C0EB /* JSONSyntaxHighlight.m */ = {isa = PBXFileReference; fileEncoding = 4; lastKnownFileType = sourcecode.c.objc; path = JSONSyntaxHighlight.m; sourceTree = "<group>"; };
		C0C1D4A21A813B120082C0EB /* STHTTPRequest.h */ = {isa = PBXFileReference; fileEncoding = 4; lastKnownFileType = sourcecode.c.h; path = STHTTPRequest.h; sourceTree = "<group>"; };
		C0C1D4A31A813B120082C0EB /* STHTTPRequest.m */ = {isa = PBXFileReference; fileEncoding = 4; lastKnownFileType = sourcecode.c.objc; path = STHTTPRequest.m; sourceTree = "<group>"; };
		C0D2AF831A7EE3310074C40F /* ShapeNote-Bridging-Header.h */ = {isa = PBXFileReference; lastKnownFileType = sourcecode.c.h; path = "ShapeNote-Bridging-Header.h"; sourceTree = "<group>"; };
		C0D2AF841A7EE3320074C40F /* FBSharingHelper.h */ = {isa = PBXFileReference; fileEncoding = 4; lastKnownFileType = sourcecode.c.h; path = FBSharingHelper.h; sourceTree = "<group>"; };
		C0D2AF851A7EE3320074C40F /* FBSharingHelper.m */ = {isa = PBXFileReference; fileEncoding = 4; lastKnownFileType = sourcecode.c.objc; path = FBSharingHelper.m; sourceTree = "<group>"; };
/* End PBXFileReference section */

/* Begin PBXFrameworksBuildPhase section */
		C0515B581A7BA59D0006ED16 /* Frameworks */ = {
			isa = PBXFrameworksBuildPhase;
			buildActionMask = 2147483647;
			files = (
				C0C1D4801A8134AB0082C0EB /* Crashlytics.framework in Frameworks */,
				C09A96C41A7ED65A009D1C29 /* FacebookSDK.framework in Frameworks */,
				C0C1D4811A8134AB0082C0EB /* Fabric.framework in Frameworks */,
				C0C1D4841A8135140082C0EB /* TwitterKit.framework in Frameworks */,
			);
			runOnlyForDeploymentPostprocessing = 0;
		};
		C0515B701A7BA59D0006ED16 /* Frameworks */ = {
			isa = PBXFrameworksBuildPhase;
			buildActionMask = 2147483647;
			files = (
			);
			runOnlyForDeploymentPostprocessing = 0;
		};
/* End PBXFrameworksBuildPhase section */

/* Begin PBXGroup section */
		C0515B521A7BA59D0006ED16 = {
			isa = PBXGroup;
			children = (
				C0515B5D1A7BA59D0006ED16 /* ShapeNote */,
				C09A96C31A7ED65A009D1C29 /* FacebookSDK.framework */,
				C0515B761A7BA59D0006ED16 /* ShapeNoteTests */,
				C0515B5C1A7BA59D0006ED16 /* Products */,
			);
			sourceTree = "<group>";
		};
		C0515B5C1A7BA59D0006ED16 /* Products */ = {
			isa = PBXGroup;
			children = (
				C0515B5B1A7BA59D0006ED16 /* ShapeNote.app */,
				C0515B731A7BA59D0006ED16 /* ShapeNoteTests.xctest */,
			);
			name = Products;
			sourceTree = "<group>";
		};
		C0515B5D1A7BA59D0006ED16 /* ShapeNote */ = {
			isa = PBXGroup;
			children = (
				C0515B601A7BA59D0006ED16 /* AppDelegate.swift */,
				C0515B831A7BA5F90006ED16 /* CoreDataHelper.swift */,
				C0515B851A7BADFE0006ED16 /* JSONLoader.swift */,
				C0515B671A7BA59D0006ED16 /* Main.storyboard */,
				C0515B911A7BBA810006ED16 /* Managed Objects */,
				C0515B651A7BA59D0006ED16 /* ViewController.swift */,
				C09A65061A7ED9F800099E76 /* MinutesListViewController.swift */,
				C00AB58E1A7FDFEA001F4D61 /* NewLeadingViewController.swift */,
				C0535FEC1A7FBF6700978C37 /* MinutesTableViewCell.swift */,
				C09A65081A7EDA0D00099E76 /* MinuteTakingViewController.swift */,
				C0515B971A7BEB3B0006ED16 /* SongListTableViewController.swift */,
				C09A96A01A7EC293009D1C29 /* SongListTableViewCell.swift */,
				C0515B991A7BF0BB0006ED16 /* SingersListTableViewController.swift */,
				C07542E81A7BFE55007626C6 /* SingerViewController.swift */,
				C09A96C11A7ED5B7009D1C29 /* LoginViewController.swift */,
				C0C1D47B1A8133FC0082C0EB /* TwitterShareHelper.swift */,
				C0D2AF841A7EE3320074C40F /* FBSharingHelper.h */,
				C0D2AF851A7EE3320074C40F /* FBSharingHelper.m */,
				C0515B6A1A7BA59D0006ED16 /* Images.xcassets */,
				C0515B6C1A7BA59D0006ED16 /* LaunchScreen.xib */,
				C0515B621A7BA59D0006ED16 /* ShapeNote.xcdatamodeld */,
				C0C1D4861A813B120082C0EB /* STTwitter */,
				C0515B5E1A7BA59D0006ED16 /* Supporting Files */,
				C0D2AF831A7EE3310074C40F /* ShapeNote-Bridging-Header.h */,
				C0C1D4821A8135140082C0EB /* TwitterKit.framework */,
				C0C1D4831A8135140082C0EB /* TwitterKitResources.bundle */,
				C0C1D47E1A8134AB0082C0EB /* Crashlytics.framework */,
				C0C1D47F1A8134AB0082C0EB /* Fabric.framework */,
			);
			path = ShapeNote;
			sourceTree = "<group>";
		};
		C0515B5E1A7BA59D0006ED16 /* Supporting Files */ = {
			isa = PBXGroup;
			children = (
				C0515B921A7BC4000006ED16 /* SH1991.json */,
				C0515B5F1A7BA59D0006ED16 /* Info.plist */,
			);
			name = "Supporting Files";
			sourceTree = "<group>";
		};
		C0515B761A7BA59D0006ED16 /* ShapeNoteTests */ = {
			isa = PBXGroup;
			children = (
				C0515B791A7BA59D0006ED16 /* ShapeNoteTests.swift */,
				C0515B771A7BA59D0006ED16 /* Supporting Files */,
			);
			path = ShapeNoteTests;
			sourceTree = "<group>";
		};
		C0515B771A7BA59D0006ED16 /* Supporting Files */ = {
			isa = PBXGroup;
			children = (
				C0515B781A7BA59D0006ED16 /* Info.plist */,
			);
			name = "Supporting Files";
			sourceTree = "<group>";
		};
		C0515B911A7BBA810006ED16 /* Managed Objects */ = {
			isa = PBXGroup;
			children = (
				C0515B8F1A7BBA7A0006ED16 /* Group.swift */,
				C0515B8D1A7BBA7A0006ED16 /* Song.swift */,
				C0515B8B1A7BBA7A0006ED16 /* Book.swift */,
				C0515B891A7BBA7A0006ED16 /* Singer.swift */,
				C0515B871A7BBA790006ED16 /* Leading.swift */,
				C09A650A1A7EDA8600099E76 /* Minutes.swift */,
			);
			name = "Managed Objects";
			sourceTree = "<group>";
		};
		C0C1D4861A813B120082C0EB /* STTwitter */ = {
			isa = PBXGroup;
			children = (
				C0C1D4871A813B120082C0EB /* NSDateFormatter+STTwitter.h */,
				C0C1D4881A813B120082C0EB /* NSDateFormatter+STTwitter.m */,
				C0C1D4891A813B120082C0EB /* NSError+STTwitter.h */,
				C0C1D48A1A813B120082C0EB /* NSError+STTwitter.m */,
				C0C1D48B1A813B120082C0EB /* NSString+STTwitter.h */,
				C0C1D48C1A813B120082C0EB /* NSString+STTwitter.m */,
				C0C1D48D1A813B120082C0EB /* STHTTPRequest+STTwitter.h */,
				C0C1D48E1A813B120082C0EB /* STHTTPRequest+STTwitter.m */,
				C0C1D48F1A813B120082C0EB /* STTwitter.h */,
				C0C1D4901A813B120082C0EB /* STTwitterAPI.h */,
				C0C1D4911A813B120082C0EB /* STTwitterAPI.m */,
				C0C1D4921A813B120082C0EB /* STTwitterAppOnly.h */,
				C0C1D4931A813B120082C0EB /* STTwitterAppOnly.m */,
				C0C1D4941A813B120082C0EB /* STTwitterHTML.h */,
				C0C1D4951A813B120082C0EB /* STTwitterHTML.m */,
				C0C1D4961A813B120082C0EB /* STTwitterOAuth.h */,
				C0C1D4971A813B120082C0EB /* STTwitterOAuth.m */,
				C0C1D4981A813B120082C0EB /* STTwitterOS.h */,
				C0C1D4991A813B120082C0EB /* STTwitterOS.m */,
				C0C1D49A1A813B120082C0EB /* STTwitterOSRequest.h */,
				C0C1D49B1A813B120082C0EB /* STTwitterOSRequest.m */,
				C0C1D49C1A813B120082C0EB /* STTwitterProtocol.h */,
				C0C1D49D1A813B120082C0EB /* Vendor */,
			);
			path = STTwitter;
			sourceTree = "<group>";
		};
		C0C1D49D1A813B120082C0EB /* Vendor */ = {
			isa = PBXGroup;
			children = (
				C0C1D49E1A813B120082C0EB /* BAVPlistNode.h */,
				C0C1D49F1A813B120082C0EB /* BAVPlistNode.m */,
				C0C1D4A01A813B120082C0EB /* JSONSyntaxHighlight.h */,
				C0C1D4A11A813B120082C0EB /* JSONSyntaxHighlight.m */,
				C0C1D4A21A813B120082C0EB /* STHTTPRequest.h */,
				C0C1D4A31A813B120082C0EB /* STHTTPRequest.m */,
			);
			path = Vendor;
			sourceTree = "<group>";
		};
/* End PBXGroup section */

/* Begin PBXNativeTarget section */
		C0515B5A1A7BA59D0006ED16 /* ShapeNote */ = {
			isa = PBXNativeTarget;
			buildConfigurationList = C0515B7D1A7BA59D0006ED16 /* Build configuration list for PBXNativeTarget "ShapeNote" */;
			buildPhases = (
				C0515B571A7BA59D0006ED16 /* Sources */,
				C0515B581A7BA59D0006ED16 /* Frameworks */,
				C0515B591A7BA59D0006ED16 /* Resources */,
				C0C1D47D1A81348D0082C0EB /* ShellScript */,
			);
			buildRules = (
			);
			dependencies = (
			);
			name = ShapeNote;
			productName = ShapeNote;
			productReference = C0515B5B1A7BA59D0006ED16 /* ShapeNote.app */;
			productType = "com.apple.product-type.application";
		};
		C0515B721A7BA59D0006ED16 /* ShapeNoteTests */ = {
			isa = PBXNativeTarget;
			buildConfigurationList = C0515B801A7BA59D0006ED16 /* Build configuration list for PBXNativeTarget "ShapeNoteTests" */;
			buildPhases = (
				C0515B6F1A7BA59D0006ED16 /* Sources */,
				C0515B701A7BA59D0006ED16 /* Frameworks */,
				C0515B711A7BA59D0006ED16 /* Resources */,
			);
			buildRules = (
			);
			dependencies = (
				C0515B751A7BA59D0006ED16 /* PBXTargetDependency */,
			);
			name = ShapeNoteTests;
			productName = ShapeNoteTests;
			productReference = C0515B731A7BA59D0006ED16 /* ShapeNoteTests.xctest */;
			productType = "com.apple.product-type.bundle.unit-test";
		};
/* End PBXNativeTarget section */

/* Begin PBXProject section */
		C0515B531A7BA59D0006ED16 /* Project object */ = {
			isa = PBXProject;
			attributes = {
				LastUpgradeCheck = 0610;
				ORGANIZATIONNAME = "Charlie Williams";
				TargetAttributes = {
					C0515B5A1A7BA59D0006ED16 = {
						CreatedOnToolsVersion = 6.1.1;
					};
					C0515B721A7BA59D0006ED16 = {
						CreatedOnToolsVersion = 6.1.1;
						TestTargetID = C0515B5A1A7BA59D0006ED16;
					};
				};
			};
			buildConfigurationList = C0515B561A7BA59D0006ED16 /* Build configuration list for PBXProject "ShapeNote" */;
			compatibilityVersion = "Xcode 3.2";
			developmentRegion = English;
			hasScannedForEncodings = 0;
			knownRegions = (
				en,
				Base,
			);
			mainGroup = C0515B521A7BA59D0006ED16;
			productRefGroup = C0515B5C1A7BA59D0006ED16 /* Products */;
			projectDirPath = "";
			projectRoot = "";
			targets = (
				C0515B5A1A7BA59D0006ED16 /* ShapeNote */,
				C0515B721A7BA59D0006ED16 /* ShapeNoteTests */,
			);
		};
/* End PBXProject section */

/* Begin PBXResourcesBuildPhase section */
		C0515B591A7BA59D0006ED16 /* Resources */ = {
			isa = PBXResourcesBuildPhase;
			buildActionMask = 2147483647;
			files = (
				C0515B691A7BA59D0006ED16 /* Main.storyboard in Resources */,
				C0515B6E1A7BA59D0006ED16 /* LaunchScreen.xib in Resources */,
				C0515B931A7BC4000006ED16 /* SH1991.json in Resources */,
				C0515B6B1A7BA59D0006ED16 /* Images.xcassets in Resources */,
				C0C1D4851A8135140082C0EB /* TwitterKitResources.bundle in Resources */,
			);
			runOnlyForDeploymentPostprocessing = 0;
		};
		C0515B711A7BA59D0006ED16 /* Resources */ = {
			isa = PBXResourcesBuildPhase;
			buildActionMask = 2147483647;
			files = (
			);
			runOnlyForDeploymentPostprocessing = 0;
		};
/* End PBXResourcesBuildPhase section */

/* Begin PBXShellScriptBuildPhase section */
		C0C1D47D1A81348D0082C0EB /* ShellScript */ = {
			isa = PBXShellScriptBuildPhase;
			buildActionMask = 2147483647;
			files = (
			);
			inputPaths = (
			);
			outputPaths = (
			);
			runOnlyForDeploymentPostprocessing = 0;
			shellPath = /bin/sh;
			shellScript = "./Fabric.framework/run 95e78a1b7ecc0b8e2442e9fa982256d4da835a2e ba140be7fe51516e03f1a5f0a130fc0de9c405eb233d585b418ea25ebc2859b9    ";
		};
/* End PBXShellScriptBuildPhase section */

/* Begin PBXSourcesBuildPhase section */
		C0515B571A7BA59D0006ED16 /* Sources */ = {
			isa = PBXSourcesBuildPhase;
			buildActionMask = 2147483647;
			files = (
				C0D2AF861A7EE3320074C40F /* FBSharingHelper.m in Sources */,
				C0515B8E1A7BBA7A0006ED16 /* Song.swift in Sources */,
				C0515B8C1A7BBA7A0006ED16 /* Book.swift in Sources */,
				C0C1D4A71A813B120082C0EB /* STHTTPRequest+STTwitter.m in Sources */,
				C0C1D47C1A8133FC0082C0EB /* TwitterShareHelper.swift in Sources */,
				C0515B861A7BADFE0006ED16 /* JSONLoader.swift in Sources */,
				C09A650B1A7EDA8600099E76 /* Minutes.swift in Sources */,
				C0C1D4A51A813B120082C0EB /* NSError+STTwitter.m in Sources */,
				C09A96C21A7ED5B7009D1C29 /* LoginViewController.swift in Sources */,
				C09A65071A7ED9F800099E76 /* MinutesListViewController.swift in Sources */,
				C0C1D4AA1A813B120082C0EB /* STTwitterHTML.m in Sources */,
				C0C1D4AC1A813B120082C0EB /* STTwitterOS.m in Sources */,
				C0C1D4A81A813B120082C0EB /* STTwitterAPI.m in Sources */,
				C0515B901A7BBA7A0006ED16 /* Group.swift in Sources */,
				C00AB58F1A7FDFEA001F4D61 /* NewLeadingViewController.swift in Sources */,
				C0C1D4A61A813B120082C0EB /* NSString+STTwitter.m in Sources */,
				C0515B8A1A7BBA7A0006ED16 /* Singer.swift in Sources */,
				C0515B9A1A7BF0BB0006ED16 /* SingersListTableViewController.swift in Sources */,
				C07542EA1A7BFE55007626C6 /* SingerViewController.swift in Sources */,
				C09A65091A7EDA0D00099E76 /* MinuteTakingViewController.swift in Sources */,
				C0C1D4AD1A813B120082C0EB /* STTwitterOSRequest.m in Sources */,
				C0C1D4A91A813B120082C0EB /* STTwitterAppOnly.m in Sources */,
				C0515B981A7BEB3B0006ED16 /* SongListTableViewController.swift in Sources */,
				C0C1D4B01A813B120082C0EB /* STHTTPRequest.m in Sources */,
				C0515B661A7BA59D0006ED16 /* ViewController.swift in Sources */,
				C0C1D4A41A813B120082C0EB /* NSDateFormatter+STTwitter.m in Sources */,
				C0515B881A7BBA790006ED16 /* Leading.swift in Sources */,
				C0C1D4AB1A813B120082C0EB /* STTwitterOAuth.m in Sources */,
				C0515B611A7BA59D0006ED16 /* AppDelegate.swift in Sources */,
				C0515B841A7BA5F90006ED16 /* CoreDataHelper.swift in Sources */,
				C0535FED1A7FBF6700978C37 /* MinutesTableViewCell.swift in Sources */,
				C0C1D4AE1A813B120082C0EB /* BAVPlistNode.m in Sources */,
				C0C1D4AF1A813B120082C0EB /* JSONSyntaxHighlight.m in Sources */,
				C09A96A11A7EC293009D1C29 /* SongListTableViewCell.swift in Sources */,
				C0515B641A7BA59D0006ED16 /* ShapeNote.xcdatamodeld in Sources */,
			);
			runOnlyForDeploymentPostprocessing = 0;
		};
		C0515B6F1A7BA59D0006ED16 /* Sources */ = {
			isa = PBXSourcesBuildPhase;
			buildActionMask = 2147483647;
			files = (
				C0515B7A1A7BA59D0006ED16 /* ShapeNoteTests.swift in Sources */,
			);
			runOnlyForDeploymentPostprocessing = 0;
		};
/* End PBXSourcesBuildPhase section */

/* Begin PBXTargetDependency section */
		C0515B751A7BA59D0006ED16 /* PBXTargetDependency */ = {
			isa = PBXTargetDependency;
			target = C0515B5A1A7BA59D0006ED16 /* ShapeNote */;
			targetProxy = C0515B741A7BA59D0006ED16 /* PBXContainerItemProxy */;
		};
/* End PBXTargetDependency section */

/* Begin PBXVariantGroup section */
		C0515B671A7BA59D0006ED16 /* Main.storyboard */ = {
			isa = PBXVariantGroup;
			children = (
				C0515B681A7BA59D0006ED16 /* Base */,
			);
			name = Main.storyboard;
			sourceTree = "<group>";
		};
		C0515B6C1A7BA59D0006ED16 /* LaunchScreen.xib */ = {
			isa = PBXVariantGroup;
			children = (
				C0515B6D1A7BA59D0006ED16 /* Base */,
			);
			name = LaunchScreen.xib;
			sourceTree = "<group>";
		};
/* End PBXVariantGroup section */

/* Begin XCBuildConfiguration section */
		C0515B7B1A7BA59D0006ED16 /* Debug */ = {
			isa = XCBuildConfiguration;
			buildSettings = {
				ALWAYS_SEARCH_USER_PATHS = NO;
				CLANG_CXX_LANGUAGE_STANDARD = "gnu++0x";
				CLANG_CXX_LIBRARY = "libc++";
				CLANG_ENABLE_MODULES = YES;
				CLANG_ENABLE_OBJC_ARC = YES;
				CLANG_WARN_BOOL_CONVERSION = YES;
				CLANG_WARN_CONSTANT_CONVERSION = YES;
				CLANG_WARN_DIRECT_OBJC_ISA_USAGE = YES_ERROR;
				CLANG_WARN_EMPTY_BODY = YES;
				CLANG_WARN_ENUM_CONVERSION = YES;
				CLANG_WARN_INT_CONVERSION = YES;
				CLANG_WARN_OBJC_ROOT_CLASS = YES_ERROR;
				CLANG_WARN_UNREACHABLE_CODE = YES;
				CLANG_WARN__DUPLICATE_METHOD_MATCH = YES;
				"CODE_SIGN_IDENTITY[sdk=iphoneos*]" = "iPhone Developer";
				COPY_PHASE_STRIP = NO;
				ENABLE_STRICT_OBJC_MSGSEND = YES;
				GCC_C_LANGUAGE_STANDARD = gnu99;
				GCC_DYNAMIC_NO_PIC = NO;
				GCC_OPTIMIZATION_LEVEL = 0;
				GCC_PREPROCESSOR_DEFINITIONS = (
					"DEBUG=1",
					"$(inherited)",
				);
				GCC_SYMBOLS_PRIVATE_EXTERN = NO;
				GCC_WARN_64_TO_32_BIT_CONVERSION = YES;
				GCC_WARN_ABOUT_RETURN_TYPE = YES_ERROR;
				GCC_WARN_UNDECLARED_SELECTOR = YES;
				GCC_WARN_UNINITIALIZED_AUTOS = YES_AGGRESSIVE;
				GCC_WARN_UNUSED_FUNCTION = YES;
				GCC_WARN_UNUSED_VARIABLE = YES;
				IPHONEOS_DEPLOYMENT_TARGET = 8.1;
				MTL_ENABLE_DEBUG_INFO = YES;
				ONLY_ACTIVE_ARCH = YES;
				SDKROOT = iphoneos;
				SWIFT_OPTIMIZATION_LEVEL = "-Onone";
			};
			name = Debug;
		};
		C0515B7C1A7BA59D0006ED16 /* Release */ = {
			isa = XCBuildConfiguration;
			buildSettings = {
				ALWAYS_SEARCH_USER_PATHS = NO;
				CLANG_CXX_LANGUAGE_STANDARD = "gnu++0x";
				CLANG_CXX_LIBRARY = "libc++";
				CLANG_ENABLE_MODULES = YES;
				CLANG_ENABLE_OBJC_ARC = YES;
				CLANG_WARN_BOOL_CONVERSION = YES;
				CLANG_WARN_CONSTANT_CONVERSION = YES;
				CLANG_WARN_DIRECT_OBJC_ISA_USAGE = YES_ERROR;
				CLANG_WARN_EMPTY_BODY = YES;
				CLANG_WARN_ENUM_CONVERSION = YES;
				CLANG_WARN_INT_CONVERSION = YES;
				CLANG_WARN_OBJC_ROOT_CLASS = YES_ERROR;
				CLANG_WARN_UNREACHABLE_CODE = YES;
				CLANG_WARN__DUPLICATE_METHOD_MATCH = YES;
				"CODE_SIGN_IDENTITY[sdk=iphoneos*]" = "iPhone Developer";
				COPY_PHASE_STRIP = YES;
				ENABLE_NS_ASSERTIONS = NO;
				ENABLE_STRICT_OBJC_MSGSEND = YES;
				GCC_C_LANGUAGE_STANDARD = gnu99;
				GCC_WARN_64_TO_32_BIT_CONVERSION = YES;
				GCC_WARN_ABOUT_RETURN_TYPE = YES_ERROR;
				GCC_WARN_UNDECLARED_SELECTOR = YES;
				GCC_WARN_UNINITIALIZED_AUTOS = YES_AGGRESSIVE;
				GCC_WARN_UNUSED_FUNCTION = YES;
				GCC_WARN_UNUSED_VARIABLE = YES;
				IPHONEOS_DEPLOYMENT_TARGET = 8.1;
				MTL_ENABLE_DEBUG_INFO = NO;
				SDKROOT = iphoneos;
				VALIDATE_PRODUCT = YES;
			};
			name = Release;
		};
		C0515B7E1A7BA59D0006ED16 /* Debug */ = {
			isa = XCBuildConfiguration;
			buildSettings = {
				ASSETCATALOG_COMPILER_APPICON_NAME = AppIcon;
				CLANG_ENABLE_MODULES = YES;
				DEFINES_MODULE = YES;
				FRAMEWORK_SEARCH_PATHS = (
					"$(inherited)",
					"$(PROJECT_DIR)",
					"/Users/cw/Documents/FacebookSDK/**",
					"~/Documents/FacebookSDK/FacebookSDK.framework/**",
				);
				HEADER_SEARCH_PATHS = (
					"$(inherited)",
					/Applications/Xcode.app/Contents/Developer/Toolchains/XcodeDefault.xctoolchain/usr/include,
					"~/Documents/FacebookSDK/FacebookSDK.framework/**",
				);
				INFOPLIST_FILE = ShapeNote/Info.plist;
				LD_RUNPATH_SEARCH_PATHS = "$(inherited) @executable_path/Frameworks";
				PRODUCT_NAME = "$(TARGET_NAME)";
				SWIFT_OBJC_BRIDGING_HEADER = "ShapeNote/ShapeNote-Bridging-Header.h";
				SWIFT_OPTIMIZATION_LEVEL = "-Onone";
			};
			name = Debug;
		};
		C0515B7F1A7BA59D0006ED16 /* Release */ = {
			isa = XCBuildConfiguration;
			buildSettings = {
				ASSETCATALOG_COMPILER_APPICON_NAME = AppIcon;
				CLANG_ENABLE_MODULES = YES;
				DEFINES_MODULE = YES;
				FRAMEWORK_SEARCH_PATHS = (
					"$(inherited)",
					"$(PROJECT_DIR)",
					"/Users/cw/Documents/FacebookSDK/**",
					"~/Documents/FacebookSDK/FacebookSDK.framework/**",
				);
				HEADER_SEARCH_PATHS = (
					"$(inherited)",
					/Applications/Xcode.app/Contents/Developer/Toolchains/XcodeDefault.xctoolchain/usr/include,
					"~/Documents/FacebookSDK/FacebookSDK.framework/**",
				);
				INFOPLIST_FILE = ShapeNote/Info.plist;
				LD_RUNPATH_SEARCH_PATHS = "$(inherited) @executable_path/Frameworks";
				PRODUCT_NAME = "$(TARGET_NAME)";
				SWIFT_OBJC_BRIDGING_HEADER = "ShapeNote/ShapeNote-Bridging-Header.h";
			};
			name = Release;
		};
		C0515B811A7BA59D0006ED16 /* Debug */ = {
			isa = XCBuildConfiguration;
			buildSettings = {
				BUNDLE_LOADER = "$(TEST_HOST)";
				FRAMEWORK_SEARCH_PATHS = (
					"$(SDKROOT)/Developer/Library/Frameworks",
					"$(inherited)",
				);
				GCC_PREPROCESSOR_DEFINITIONS = (
					"DEBUG=1",
					"$(inherited)",
				);
				INFOPLIST_FILE = ShapeNoteTests/Info.plist;
				LD_RUNPATH_SEARCH_PATHS = "$(inherited) @executable_path/Frameworks @loader_path/Frameworks";
				PRODUCT_NAME = "$(TARGET_NAME)";
				TEST_HOST = "$(BUILT_PRODUCTS_DIR)/ShapeNote.app/ShapeNote";
			};
			name = Debug;
		};
		C0515B821A7BA59D0006ED16 /* Release */ = {
			isa = XCBuildConfiguration;
			buildSettings = {
				BUNDLE_LOADER = "$(TEST_HOST)";
				FRAMEWORK_SEARCH_PATHS = (
					"$(SDKROOT)/Developer/Library/Frameworks",
					"$(inherited)",
				);
				INFOPLIST_FILE = ShapeNoteTests/Info.plist;
				LD_RUNPATH_SEARCH_PATHS = "$(inherited) @executable_path/Frameworks @loader_path/Frameworks";
				PRODUCT_NAME = "$(TARGET_NAME)";
				TEST_HOST = "$(BUILT_PRODUCTS_DIR)/ShapeNote.app/ShapeNote";
			};
			name = Release;
		};
/* End XCBuildConfiguration section */

/* Begin XCConfigurationList section */
		C0515B561A7BA59D0006ED16 /* Build configuration list for PBXProject "ShapeNote" */ = {
			isa = XCConfigurationList;
			buildConfigurations = (
				C0515B7B1A7BA59D0006ED16 /* Debug */,
				C0515B7C1A7BA59D0006ED16 /* Release */,
			);
			defaultConfigurationIsVisible = 0;
			defaultConfigurationName = Release;
		};
		C0515B7D1A7BA59D0006ED16 /* Build configuration list for PBXNativeTarget "ShapeNote" */ = {
			isa = XCConfigurationList;
			buildConfigurations = (
				C0515B7E1A7BA59D0006ED16 /* Debug */,
				C0515B7F1A7BA59D0006ED16 /* Release */,
			);
			defaultConfigurationIsVisible = 0;
			defaultConfigurationName = Release;
		};
		C0515B801A7BA59D0006ED16 /* Build configuration list for PBXNativeTarget "ShapeNoteTests" */ = {
			isa = XCConfigurationList;
			buildConfigurations = (
				C0515B811A7BA59D0006ED16 /* Debug */,
				C0515B821A7BA59D0006ED16 /* Release */,
			);
			defaultConfigurationIsVisible = 0;
			defaultConfigurationName = Release;
		};
/* End XCConfigurationList section */

/* Begin XCVersionGroup section */
		C0515B621A7BA59D0006ED16 /* ShapeNote.xcdatamodeld */ = {
			isa = XCVersionGroup;
			children = (
				C0515B631A7BA59D0006ED16 /* ShapeNote.xcdatamodel */,
			);
			currentVersion = C0515B631A7BA59D0006ED16 /* ShapeNote.xcdatamodel */;
			path = ShapeNote.xcdatamodeld;
			sourceTree = "<group>";
			versionGroupType = wrapper.xcdatamodel;
		};
/* End XCVersionGroup section */
	};
	rootObject = C0515B531A7BA59D0006ED16 /* Project object */;
}
